<?xml version="1.0" encoding="UTF-8"?>
<!DOCTYPE plist PUBLIC "-//Apple//DTD PLIST 1.0//EN" "http://www.apple.com/DTDs/PropertyList-1.0.dtd">
<plist version="1.0">
<dict>
	<key>archiveVersion</key>
	<string>1</string>
	<key>classes</key>
	<dict/>
	<key>objectVersion</key>
	<string>46</string>
	<key>objects</key>
	<dict>
		<key>124CB626904D3CA3E11516EC</key>
		<dict>
			<key>fileRef</key>
			<string>B1BFCF29A3BF4A6DA2007B29</string>
			<key>isa</key>
			<string>PBXBuildFile</string>
		</dict>
		<key>2FF6AC55DC845FE521292C47</key>
		<dict>
			<key>buildActionMask</key>
			<string>2147483647</string>
			<key>files</key>
			<array/>
			<key>inputPaths</key>
			<array/>
			<key>isa</key>
			<string>PBXShellScriptBuildPhase</string>
			<key>name</key>
			<string>Copy Pods Resources</string>
			<key>outputPaths</key>
			<array/>
			<key>runOnlyForDeploymentPostprocessing</key>
			<string>0</string>
			<key>shellPath</key>
			<string>/bin/sh</string>
			<key>shellScript</key>
			<string>"${SRCROOT}/Pods/Target Support Files/Pods/Pods-resources.sh"
</string>
			<key>showEnvVarsInLog</key>
			<string>0</string>
		</dict>
		<key>395D66F51C9AB0E800ED0454</key>
		<dict>
			<key>children</key>
			<array>
				<string>395D66F61C9AB0E800ED0454</string>
				<string>395D66FA1C9AB0E800ED0454</string>
			</array>
			<key>isa</key>
			<string>PBXGroup</string>
			<key>path</key>
			<string>Network</string>
			<key>sourceTree</key>
			<string>&lt;group&gt;</string>
		</dict>
		<key>395D66F61C9AB0E800ED0454</key>
		<dict>
			<key>children</key>
			<array>
				<string>395D66F71C9AB0E800ED0454</string>
				<string>395D66F81C9AB0E800ED0454</string>
				<string>395D66F91C9AB0E800ED0454</string>
			</array>
			<key>isa</key>
			<string>PBXGroup</string>
			<key>path</key>
			<string>MiaAPIHelper</string>
			<key>sourceTree</key>
			<string>&lt;group&gt;</string>
		</dict>
		<key>395D66F71C9AB0E800ED0454</key>
		<dict>
			<key>fileEncoding</key>
			<string>4</string>
			<key>isa</key>
			<string>PBXFileReference</string>
			<key>lastKnownFileType</key>
			<string>sourcecode.c.h</string>
			<key>path</key>
			<string>MiaAPIHelper.h</string>
			<key>sourceTree</key>
			<string>&lt;group&gt;</string>
		</dict>
		<key>395D66F81C9AB0E800ED0454</key>
		<dict>
			<key>fileEncoding</key>
			<string>4</string>
			<key>isa</key>
			<string>PBXFileReference</string>
			<key>lastKnownFileType</key>
			<string>sourcecode.c.objc</string>
			<key>path</key>
			<string>MiaAPIHelper.m</string>
			<key>sourceTree</key>
			<string>&lt;group&gt;</string>
		</dict>
		<key>395D66F91C9AB0E800ED0454</key>
		<dict>
			<key>fileEncoding</key>
			<string>4</string>
			<key>isa</key>
			<string>PBXFileReference</string>
			<key>lastKnownFileType</key>
			<string>sourcecode.c.h</string>
			<key>path</key>
			<string>MiaAPIMacro.h</string>
			<key>sourceTree</key>
			<string>&lt;group&gt;</string>
		</dict>
		<key>395D66FA1C9AB0E800ED0454</key>
		<dict>
			<key>children</key>
			<array>
				<string>395D66FB1C9AB0E800ED0454</string>
				<string>395D66FC1C9AB0E800ED0454</string>
				<string>395D66FD1C9AB0E800ED0454</string>
				<string>395D66FE1C9AB0E800ED0454</string>
			</array>
			<key>isa</key>
			<string>PBXGroup</string>
			<key>path</key>
			<string>WebSocketMgr</string>
			<key>sourceTree</key>
			<string>&lt;group&gt;</string>
		</dict>
		<key>395D66FB1C9AB0E800ED0454</key>
		<dict>
			<key>fileEncoding</key>
			<string>4</string>
			<key>isa</key>
			<string>PBXFileReference</string>
			<key>lastKnownFileType</key>
			<string>sourcecode.c.h</string>
			<key>path</key>
			<string>MiaRequestItem.h</string>
			<key>sourceTree</key>
			<string>&lt;group&gt;</string>
		</dict>
		<key>395D66FC1C9AB0E800ED0454</key>
		<dict>
			<key>fileEncoding</key>
			<string>4</string>
			<key>isa</key>
			<string>PBXFileReference</string>
			<key>lastKnownFileType</key>
			<string>sourcecode.c.objc</string>
			<key>path</key>
			<string>MiaRequestItem.m</string>
			<key>sourceTree</key>
			<string>&lt;group&gt;</string>
		</dict>
		<key>395D66FD1C9AB0E800ED0454</key>
		<dict>
			<key>fileEncoding</key>
			<string>4</string>
			<key>isa</key>
			<string>PBXFileReference</string>
			<key>lastKnownFileType</key>
			<string>sourcecode.c.h</string>
			<key>path</key>
			<string>WebSocketMgr.h</string>
			<key>sourceTree</key>
			<string>&lt;group&gt;</string>
		</dict>
		<key>395D66FE1C9AB0E800ED0454</key>
		<dict>
			<key>fileEncoding</key>
			<string>4</string>
			<key>isa</key>
			<string>PBXFileReference</string>
			<key>lastKnownFileType</key>
			<string>sourcecode.c.objc</string>
			<key>path</key>
			<string>WebSocketMgr.m</string>
			<key>sourceTree</key>
			<string>&lt;group&gt;</string>
		</dict>
		<key>395D66FF1C9AB0E800ED0454</key>
		<dict>
			<key>fileRef</key>
			<string>395D66F81C9AB0E800ED0454</string>
			<key>isa</key>
			<string>PBXBuildFile</string>
		</dict>
		<key>395D67001C9AB0E800ED0454</key>
		<dict>
			<key>fileRef</key>
			<string>395D66FC1C9AB0E800ED0454</string>
			<key>isa</key>
			<string>PBXBuildFile</string>
		</dict>
		<key>395D67011C9AB0E800ED0454</key>
		<dict>
			<key>fileRef</key>
			<string>395D66FE1C9AB0E800ED0454</string>
			<key>isa</key>
			<string>PBXBuildFile</string>
		</dict>
		<key>395D67021C9AB15000ED0454</key>
		<dict>
			<key>children</key>
			<array>
				<string>395D67181C9AB1D700ED0454</string>
				<string>395D670C1C9AB19D00ED0454</string>
				<string>395D67081C9AB16B00ED0454</string>
				<string>395D67031C9AB15000ED0454</string>
			</array>
			<key>isa</key>
			<string>PBXGroup</string>
			<key>path</key>
			<string>Utils</string>
			<key>sourceTree</key>
			<string>&lt;group&gt;</string>
		</dict>
		<key>395D67031C9AB15000ED0454</key>
		<dict>
			<key>children</key>
			<array>
				<string>395D67141C9AB1C500ED0454</string>
				<string>395D67101C9AB1B700ED0454</string>
				<string>395D67041C9AB15000ED0454</string>
			</array>
			<key>isa</key>
			<string>PBXGroup</string>
			<key>path</key>
			<string>Categories</string>
			<key>sourceTree</key>
			<string>&lt;group&gt;</string>
		</dict>
		<key>395D67041C9AB15000ED0454</key>
		<dict>
			<key>children</key>
			<array>
				<string>395D67051C9AB15000ED0454</string>
				<string>395D67061C9AB15000ED0454</string>
			</array>
			<key>isa</key>
			<string>PBXGroup</string>
			<key>path</key>
			<string>NSTimer+BlockSupport</string>
			<key>sourceTree</key>
			<string>&lt;group&gt;</string>
		</dict>
		<key>395D67051C9AB15000ED0454</key>
		<dict>
			<key>fileEncoding</key>
			<string>4</string>
			<key>isa</key>
			<string>PBXFileReference</string>
			<key>lastKnownFileType</key>
			<string>sourcecode.c.h</string>
			<key>path</key>
			<string>NSTimer+BlockSupport.h</string>
			<key>sourceTree</key>
			<string>&lt;group&gt;</string>
		</dict>
		<key>395D67061C9AB15000ED0454</key>
		<dict>
			<key>fileEncoding</key>
			<string>4</string>
			<key>isa</key>
			<string>PBXFileReference</string>
			<key>lastKnownFileType</key>
			<string>sourcecode.c.objc</string>
			<key>path</key>
			<string>NSTimer+BlockSupport.m</string>
			<key>sourceTree</key>
			<string>&lt;group&gt;</string>
		</dict>
		<key>395D67071C9AB15000ED0454</key>
		<dict>
			<key>fileRef</key>
			<string>395D67061C9AB15000ED0454</string>
			<key>isa</key>
			<string>PBXBuildFile</string>
		</dict>
		<key>395D67081C9AB16B00ED0454</key>
		<dict>
			<key>children</key>
			<array>
				<string>395D67091C9AB16B00ED0454</string>
				<string>395D670A1C9AB16B00ED0454</string>
			</array>
			<key>isa</key>
			<string>PBXGroup</string>
			<key>path</key>
			<string>FileLog</string>
			<key>sourceTree</key>
			<string>&lt;group&gt;</string>
		</dict>
		<key>395D67091C9AB16B00ED0454</key>
		<dict>
			<key>fileEncoding</key>
			<string>4</string>
			<key>isa</key>
			<string>PBXFileReference</string>
			<key>lastKnownFileType</key>
			<string>sourcecode.c.h</string>
			<key>path</key>
			<string>FileLog.h</string>
			<key>sourceTree</key>
			<string>&lt;group&gt;</string>
		</dict>
		<key>395D670A1C9AB16B00ED0454</key>
		<dict>
			<key>fileEncoding</key>
			<string>4</string>
			<key>isa</key>
			<string>PBXFileReference</string>
			<key>lastKnownFileType</key>
			<string>sourcecode.c.objc</string>
			<key>path</key>
			<string>FileLog.m</string>
			<key>sourceTree</key>
			<string>&lt;group&gt;</string>
		</dict>
		<key>395D670B1C9AB16B00ED0454</key>
		<dict>
			<key>fileRef</key>
			<string>395D670A1C9AB16B00ED0454</string>
			<key>isa</key>
			<string>PBXBuildFile</string>
		</dict>
		<key>395D670C1C9AB19D00ED0454</key>
		<dict>
			<key>children</key>
			<array>
				<string>395D670D1C9AB19D00ED0454</string>
				<string>395D670E1C9AB19D00ED0454</string>
			</array>
			<key>isa</key>
			<string>PBXGroup</string>
			<key>path</key>
			<string>PathHelper</string>
			<key>sourceTree</key>
			<string>&lt;group&gt;</string>
		</dict>
		<key>395D670D1C9AB19D00ED0454</key>
		<dict>
			<key>fileEncoding</key>
			<string>4</string>
			<key>isa</key>
			<string>PBXFileReference</string>
			<key>lastKnownFileType</key>
			<string>sourcecode.c.h</string>
			<key>path</key>
			<string>PathHelper.h</string>
			<key>sourceTree</key>
			<string>&lt;group&gt;</string>
		</dict>
		<key>395D670E1C9AB19D00ED0454</key>
		<dict>
			<key>fileEncoding</key>
			<string>4</string>
			<key>isa</key>
			<string>PBXFileReference</string>
			<key>lastKnownFileType</key>
			<string>sourcecode.c.objc</string>
			<key>path</key>
			<string>PathHelper.m</string>
			<key>sourceTree</key>
			<string>&lt;group&gt;</string>
		</dict>
		<key>395D670F1C9AB19D00ED0454</key>
		<dict>
			<key>fileRef</key>
			<string>395D670E1C9AB19D00ED0454</string>
			<key>isa</key>
			<string>PBXBuildFile</string>
		</dict>
		<key>395D67101C9AB1B700ED0454</key>
		<dict>
			<key>children</key>
			<array>
				<string>395D67111C9AB1B700ED0454</string>
				<string>395D67121C9AB1B700ED0454</string>
			</array>
			<key>isa</key>
			<string>PBXGroup</string>
			<key>path</key>
			<string>NSString+IsNull</string>
			<key>sourceTree</key>
			<string>&lt;group&gt;</string>
		</dict>
		<key>395D67111C9AB1B700ED0454</key>
		<dict>
			<key>fileEncoding</key>
			<string>4</string>
			<key>isa</key>
			<string>PBXFileReference</string>
			<key>lastKnownFileType</key>
			<string>sourcecode.c.h</string>
			<key>path</key>
			<string>NSString+IsNull.h</string>
			<key>sourceTree</key>
			<string>&lt;group&gt;</string>
		</dict>
		<key>395D67121C9AB1B700ED0454</key>
		<dict>
			<key>fileEncoding</key>
			<string>4</string>
			<key>isa</key>
			<string>PBXFileReference</string>
			<key>lastKnownFileType</key>
			<string>sourcecode.c.objc</string>
			<key>path</key>
			<string>NSString+IsNull.m</string>
			<key>sourceTree</key>
			<string>&lt;group&gt;</string>
		</dict>
		<key>395D67131C9AB1B700ED0454</key>
		<dict>
			<key>fileRef</key>
			<string>395D67121C9AB1B700ED0454</string>
			<key>isa</key>
			<string>PBXBuildFile</string>
		</dict>
		<key>395D67141C9AB1C500ED0454</key>
		<dict>
			<key>children</key>
			<array>
				<string>395D67151C9AB1C500ED0454</string>
				<string>395D67161C9AB1C500ED0454</string>
			</array>
			<key>isa</key>
			<string>PBXGroup</string>
			<key>path</key>
			<string>NSString+MD5</string>
			<key>sourceTree</key>
			<string>&lt;group&gt;</string>
		</dict>
		<key>395D67151C9AB1C500ED0454</key>
		<dict>
			<key>fileEncoding</key>
			<string>4</string>
			<key>isa</key>
			<string>PBXFileReference</string>
			<key>lastKnownFileType</key>
			<string>sourcecode.c.h</string>
			<key>path</key>
			<string>NSString+MD5.h</string>
			<key>sourceTree</key>
			<string>&lt;group&gt;</string>
		</dict>
		<key>395D67161C9AB1C500ED0454</key>
		<dict>
			<key>fileEncoding</key>
			<string>4</string>
			<key>isa</key>
			<string>PBXFileReference</string>
			<key>lastKnownFileType</key>
			<string>sourcecode.c.objc</string>
			<key>path</key>
			<string>NSString+MD5.m</string>
			<key>sourceTree</key>
			<string>&lt;group&gt;</string>
		</dict>
		<key>395D67171C9AB1C500ED0454</key>
		<dict>
			<key>fileRef</key>
			<string>395D67161C9AB1C500ED0454</string>
			<key>isa</key>
			<string>PBXBuildFile</string>
		</dict>
		<key>395D67181C9AB1D700ED0454</key>
		<dict>
			<key>children</key>
			<array>
				<string>395D67191C9AB1D700ED0454</string>
				<string>395D671A1C9AB1D700ED0454</string>
			</array>
			<key>isa</key>
			<string>PBXGroup</string>
			<key>path</key>
			<string>UserDefaultsUtils</string>
			<key>sourceTree</key>
			<string>&lt;group&gt;</string>
		</dict>
		<key>395D67191C9AB1D700ED0454</key>
		<dict>
			<key>fileEncoding</key>
			<string>4</string>
			<key>isa</key>
			<string>PBXFileReference</string>
			<key>lastKnownFileType</key>
			<string>sourcecode.c.h</string>
			<key>path</key>
			<string>UserDefaultsUtils.h</string>
			<key>sourceTree</key>
			<string>&lt;group&gt;</string>
		</dict>
		<key>395D671A1C9AB1D700ED0454</key>
		<dict>
			<key>fileEncoding</key>
			<string>4</string>
			<key>isa</key>
			<string>PBXFileReference</string>
			<key>lastKnownFileType</key>
			<string>sourcecode.c.objc</string>
			<key>path</key>
			<string>UserDefaultsUtils.m</string>
			<key>sourceTree</key>
			<string>&lt;group&gt;</string>
		</dict>
		<key>395D671B1C9AB1D700ED0454</key>
		<dict>
			<key>fileRef</key>
			<string>395D671A1C9AB1D700ED0454</string>
			<key>isa</key>
			<string>PBXBuildFile</string>
		</dict>
		<key>4704094A70120BB39E18C473</key>
		<dict>
			<key>includeInIndex</key>
			<string>1</string>
			<key>isa</key>
			<string>PBXFileReference</string>
			<key>lastKnownFileType</key>
			<string>text.xcconfig</string>
			<key>name</key>
			<string>Pods.release.xcconfig</string>
			<key>path</key>
			<string>Pods/Target Support Files/Pods/Pods.release.xcconfig</string>
			<key>sourceTree</key>
			<string>&lt;group&gt;</string>
		</dict>
		<key>55A2965703CA0FF3081251C6</key>
		<dict>
			<key>children</key>
			<array>
				<string>CD19F8D41C9937160087DE1E</string>
				<string>B1BFCF29A3BF4A6DA2007B29</string>
			</array>
			<key>isa</key>
			<string>PBXGroup</string>
			<key>name</key>
			<string>Frameworks</string>
			<key>sourceTree</key>
			<string>&lt;group&gt;</string>
		</dict>
		<key>5AB390C34757B5082A836BFD</key>
		<dict>
			<key>buildActionMask</key>
			<string>2147483647</string>
			<key>files</key>
			<array/>
			<key>inputPaths</key>
			<array/>
			<key>isa</key>
			<string>PBXShellScriptBuildPhase</string>
			<key>name</key>
			<string>Check Pods Manifest.lock</string>
			<key>outputPaths</key>
			<array/>
			<key>runOnlyForDeploymentPostprocessing</key>
			<string>0</string>
			<key>shellPath</key>
			<string>/bin/sh</string>
			<key>shellScript</key>
			<string>diff "${PODS_ROOT}/../Podfile.lock" "${PODS_ROOT}/Manifest.lock" &gt; /dev/null
if [[ $? != 0 ]] ; then
    cat &lt;&lt; EOM
error: The sandbox is not in sync with the Podfile.lock. Run 'pod install' or update your CocoaPods installation.
EOM
    exit 1
fi
</string>
			<key>showEnvVarsInLog</key>
			<string>0</string>
		</dict>
		<key>B1BFCF29A3BF4A6DA2007B29</key>
		<dict>
			<key>explicitFileType</key>
			<string>archive.ar</string>
			<key>includeInIndex</key>
			<string>0</string>
			<key>isa</key>
			<string>PBXFileReference</string>
			<key>path</key>
			<string>libPods.a</string>
			<key>sourceTree</key>
			<string>BUILT_PRODUCTS_DIR</string>
		</dict>
		<key>CD19F8D41C9937160087DE1E</key>
		<dict>
			<key>isa</key>
			<string>PBXFileReference</string>
			<key>lastKnownFileType</key>
			<string>wrapper.framework</string>
			<key>name</key>
			<string>ZegoAVKit.framework</string>
			<key>path</key>
			<string>Piano/Frameworks/ZegoAVKit.framework</string>
			<key>sourceTree</key>
			<string>&lt;group&gt;</string>
		</dict>
		<key>CD19F8D51C9937160087DE1E</key>
		<dict>
			<key>fileRef</key>
			<string>CD19F8D41C9937160087DE1E</string>
			<key>isa</key>
			<string>PBXBuildFile</string>
		</dict>
		<key>CD2E72751CA11DE0003CDB77</key>
		<dict>
			<key>fileEncoding</key>
			<string>4</string>
			<key>isa</key>
			<string>PBXFileReference</string>
			<key>lastKnownFileType</key>
			<string>sourcecode.c.h</string>
			<key>path</key>
			<string>HXMainViewController.h</string>
			<key>sourceTree</key>
			<string>&lt;group&gt;</string>
		</dict>
		<key>CD2E72761CA11DE0003CDB77</key>
		<dict>
			<key>fileEncoding</key>
			<string>4</string>
			<key>isa</key>
			<string>PBXFileReference</string>
			<key>lastKnownFileType</key>
			<string>sourcecode.c.objc</string>
			<key>path</key>
			<string>HXMainViewController.m</string>
			<key>sourceTree</key>
			<string>&lt;group&gt;</string>
		</dict>
		<key>CD2E72771CA11DE0003CDB77</key>
		<dict>
			<key>children</key>
			<array>
				<string>CD2E72781CA11DE0003CDB77</string>
				<string>CD2E72791CA11DE0003CDB77</string>
			</array>
			<key>isa</key>
			<string>PBXGroup</string>
			<key>path</key>
			<string>Live</string>
			<key>sourceTree</key>
			<string>&lt;group&gt;</string>
		</dict>
		<key>CD2E72781CA11DE0003CDB77</key>
		<dict>
			<key>fileEncoding</key>
			<string>4</string>
			<key>isa</key>
			<string>PBXFileReference</string>
			<key>lastKnownFileType</key>
			<string>sourcecode.c.h</string>
			<key>path</key>
			<string>HXLiveViewController.h</string>
			<key>sourceTree</key>
			<string>&lt;group&gt;</string>
		</dict>
		<key>CD2E72791CA11DE0003CDB77</key>
		<dict>
			<key>fileEncoding</key>
			<string>4</string>
			<key>isa</key>
			<string>PBXFileReference</string>
			<key>lastKnownFileType</key>
			<string>sourcecode.c.objc</string>
			<key>path</key>
			<string>HXLiveViewController.m</string>
			<key>sourceTree</key>
			<string>&lt;group&gt;</string>
		</dict>
		<key>CD2E727A1CA11DE0003CDB77</key>
		<dict>
			<key>children</key>
			<array>
				<string>CD2E727B1CA11DE0003CDB77</string>
				<string>CD2E727C1CA11DE0003CDB77</string>
			</array>
			<key>isa</key>
			<string>PBXGroup</string>
			<key>path</key>
			<string>Online</string>
			<key>sourceTree</key>
			<string>&lt;group&gt;</string>
		</dict>
		<key>CD2E727B1CA11DE0003CDB77</key>
		<dict>
			<key>fileEncoding</key>
			<string>4</string>
			<key>isa</key>
			<string>PBXFileReference</string>
			<key>lastKnownFileType</key>
			<string>sourcecode.c.h</string>
			<key>path</key>
			<string>HXOnlineViewController.h</string>
			<key>sourceTree</key>
			<string>&lt;group&gt;</string>
		</dict>
		<key>CD2E727C1CA11DE0003CDB77</key>
		<dict>
			<key>fileEncoding</key>
			<string>4</string>
			<key>isa</key>
			<string>PBXFileReference</string>
			<key>lastKnownFileType</key>
			<string>sourcecode.c.objc</string>
			<key>path</key>
			<string>HXOnlineViewController.m</string>
			<key>sourceTree</key>
			<string>&lt;group&gt;</string>
		</dict>
		<key>CD2E727D1CA11DE0003CDB77</key>
		<dict>
			<key>children</key>
			<array>
				<string>CD2E727E1CA11DE0003CDB77</string>
				<string>CD2E727F1CA11DE0003CDB77</string>
			</array>
			<key>isa</key>
			<string>PBXGroup</string>
			<key>path</key>
			<string>Publish</string>
			<key>sourceTree</key>
			<string>&lt;group&gt;</string>
		</dict>
		<key>CD2E727E1CA11DE0003CDB77</key>
		<dict>
			<key>fileEncoding</key>
			<string>4</string>
			<key>isa</key>
			<string>PBXFileReference</string>
			<key>lastKnownFileType</key>
			<string>sourcecode.c.h</string>
			<key>path</key>
			<string>HXPublishViewController.h</string>
			<key>sourceTree</key>
			<string>&lt;group&gt;</string>
		</dict>
		<key>CD2E727F1CA11DE0003CDB77</key>
		<dict>
			<key>fileEncoding</key>
			<string>4</string>
			<key>isa</key>
			<string>PBXFileReference</string>
			<key>lastKnownFileType</key>
			<string>sourcecode.c.objc</string>
			<key>path</key>
			<string>HXPublishViewController.m</string>
			<key>sourceTree</key>
			<string>&lt;group&gt;</string>
		</dict>
		<key>CD2E72801CA11DE0003CDB77</key>
		<dict>
			<key>children</key>
			<array>
				<string>CD2E72811CA11DE0003CDB77</string>
				<string>CD2E72821CA11DE0003CDB77</string>
			</array>
			<key>isa</key>
			<string>PBXGroup</string>
			<key>path</key>
			<string>Replay</string>
			<key>sourceTree</key>
			<string>&lt;group&gt;</string>
		</dict>
		<key>CD2E72811CA11DE0003CDB77</key>
		<dict>
			<key>fileEncoding</key>
			<string>4</string>
			<key>isa</key>
			<string>PBXFileReference</string>
			<key>lastKnownFileType</key>
			<string>sourcecode.c.h</string>
			<key>path</key>
			<string>HXReplayViewController.h</string>
			<key>sourceTree</key>
			<string>&lt;group&gt;</string>
		</dict>
		<key>CD2E72821CA11DE0003CDB77</key>
		<dict>
			<key>fileEncoding</key>
			<string>4</string>
			<key>isa</key>
			<string>PBXFileReference</string>
			<key>lastKnownFileType</key>
			<string>sourcecode.c.objc</string>
			<key>path</key>
			<string>HXReplayViewController.m</string>
			<key>sourceTree</key>
			<string>&lt;group&gt;</string>
		</dict>
		<key>CD2E72831CA11DE0003CDB77</key>
		<dict>
			<key>children</key>
			<array>
				<string>CD2E72841CA11DE0003CDB77</string>
				<string>CD2E72851CA11DE0003CDB77</string>
			</array>
			<key>isa</key>
			<string>PBXGroup</string>
			<key>path</key>
			<string>Setting</string>
			<key>sourceTree</key>
			<string>&lt;group&gt;</string>
		</dict>
		<key>CD2E72841CA11DE0003CDB77</key>
		<dict>
			<key>fileEncoding</key>
			<string>4</string>
			<key>isa</key>
			<string>PBXFileReference</string>
			<key>lastKnownFileType</key>
			<string>sourcecode.c.h</string>
			<key>path</key>
			<string>HXSettingViewController.h</string>
			<key>sourceTree</key>
			<string>&lt;group&gt;</string>
		</dict>
		<key>CD2E72851CA11DE0003CDB77</key>
		<dict>
			<key>fileEncoding</key>
			<string>4</string>
			<key>isa</key>
			<string>PBXFileReference</string>
			<key>lastKnownFileType</key>
			<string>sourcecode.c.objc</string>
			<key>path</key>
			<string>HXSettingViewController.m</string>
			<key>sourceTree</key>
			<string>&lt;group&gt;</string>
		</dict>
		<key>CD2E72861CA11DE0003CDB77</key>
		<dict>
			<key>fileRef</key>
			<string>CD2E72761CA11DE0003CDB77</string>
			<key>isa</key>
			<string>PBXBuildFile</string>
		</dict>
		<key>CD2E72871CA11DE0003CDB77</key>
		<dict>
			<key>fileRef</key>
			<string>CD2E72791CA11DE0003CDB77</string>
			<key>isa</key>
			<string>PBXBuildFile</string>
		</dict>
		<key>CD2E72881CA11DE0003CDB77</key>
		<dict>
			<key>fileRef</key>
			<string>CD2E727C1CA11DE0003CDB77</string>
			<key>isa</key>
			<string>PBXBuildFile</string>
		</dict>
		<key>CD2E72891CA11DE0003CDB77</key>
		<dict>
			<key>fileRef</key>
			<string>CD2E727F1CA11DE0003CDB77</string>
			<key>isa</key>
			<string>PBXBuildFile</string>
		</dict>
		<key>CD2E728A1CA11DE0003CDB77</key>
		<dict>
			<key>fileRef</key>
			<string>CD2E72821CA11DE0003CDB77</string>
			<key>isa</key>
			<string>PBXBuildFile</string>
		</dict>
		<key>CD2E728B1CA11DE0003CDB77</key>
		<dict>
			<key>fileRef</key>
			<string>CD2E72851CA11DE0003CDB77</string>
			<key>isa</key>
			<string>PBXBuildFile</string>
		</dict>
		<key>CD2E728C1CA11DF8003CDB77</key>
		<dict>
			<key>children</key>
			<array>
				<string>CD2E728D1CA11DF8003CDB77</string>
				<string>CD2E728E1CA11DF8003CDB77</string>
			</array>
			<key>isa</key>
			<string>PBXGroup</string>
			<key>path</key>
			<string>Online</string>
			<key>sourceTree</key>
			<string>&lt;group&gt;</string>
		</dict>
		<key>CD2E728D1CA11DF8003CDB77</key>
		<dict>
			<key>fileEncoding</key>
			<string>4</string>
			<key>isa</key>
			<string>PBXFileReference</string>
			<key>lastKnownFileType</key>
			<string>sourcecode.c.h</string>
			<key>path</key>
			<string>HXOnlineCell.h</string>
			<key>sourceTree</key>
			<string>&lt;group&gt;</string>
		</dict>
		<key>CD2E728E1CA11DF8003CDB77</key>
		<dict>
			<key>fileEncoding</key>
			<string>4</string>
			<key>isa</key>
			<string>PBXFileReference</string>
			<key>lastKnownFileType</key>
			<string>sourcecode.c.objc</string>
			<key>path</key>
			<string>HXOnlineCell.m</string>
			<key>sourceTree</key>
			<string>&lt;group&gt;</string>
		</dict>
		<key>CD2E728F1CA11DF8003CDB77</key>
		<dict>
			<key>children</key>
			<array/>
			<key>isa</key>
			<string>PBXGroup</string>
			<key>path</key>
			<string>Publish</string>
			<key>sourceTree</key>
			<string>&lt;group&gt;</string>
		</dict>
		<key>CD2E72901CA11DF8003CDB77</key>
		<dict>
			<key>children</key>
			<array>
				<string>CD2E72911CA11DF8003CDB77</string>
				<string>CD2E72921CA11DF8003CDB77</string>
			</array>
			<key>isa</key>
			<string>PBXGroup</string>
			<key>path</key>
			<string>Replay</string>
			<key>sourceTree</key>
			<string>&lt;group&gt;</string>
		</dict>
		<key>CD2E72911CA11DF8003CDB77</key>
		<dict>
			<key>fileEncoding</key>
			<string>4</string>
			<key>isa</key>
			<string>PBXFileReference</string>
			<key>lastKnownFileType</key>
			<string>sourcecode.c.h</string>
			<key>path</key>
			<string>HXReplayCell.h</string>
			<key>sourceTree</key>
			<string>&lt;group&gt;</string>
		</dict>
		<key>CD2E72921CA11DF8003CDB77</key>
		<dict>
			<key>fileEncoding</key>
			<string>4</string>
			<key>isa</key>
			<string>PBXFileReference</string>
			<key>lastKnownFileType</key>
			<string>sourcecode.c.objc</string>
			<key>path</key>
			<string>HXReplayCell.m</string>
			<key>sourceTree</key>
			<string>&lt;group&gt;</string>
		</dict>
		<key>CD2E72931CA11DF8003CDB77</key>
		<dict>
			<key>children</key>
			<array/>
			<key>isa</key>
			<string>PBXGroup</string>
			<key>path</key>
			<string>Setting</string>
			<key>sourceTree</key>
			<string>&lt;group&gt;</string>
		</dict>
		<key>CD2E72941CA11DF8003CDB77</key>
		<dict>
			<key>fileRef</key>
			<string>CD2E728E1CA11DF8003CDB77</string>
			<key>isa</key>
			<string>PBXBuildFile</string>
		</dict>
		<key>CD2E72951CA11DF8003CDB77</key>
		<dict>
			<key>fileRef</key>
			<string>CD2E72921CA11DF8003CDB77</string>
			<key>isa</key>
			<string>PBXBuildFile</string>
		</dict>
		<key>CD2E72961CA11E02003CDB77</key>
		<dict>
			<key>children</key>
			<array>
				<string>CD2E72971CA11E02003CDB77</string>
				<string>CD2E72981CA11E02003CDB77</string>
			</array>
			<key>isa</key>
			<string>PBXGroup</string>
			<key>path</key>
			<string>Live</string>
			<key>sourceTree</key>
			<string>&lt;group&gt;</string>
		</dict>
		<key>CD2E72971CA11E02003CDB77</key>
		<dict>
			<key>fileEncoding</key>
			<string>4</string>
			<key>isa</key>
			<string>PBXFileReference</string>
			<key>lastKnownFileType</key>
			<string>sourcecode.c.h</string>
			<key>path</key>
			<string>HXLiveModel.h</string>
			<key>sourceTree</key>
			<string>&lt;group&gt;</string>
		</dict>
		<key>CD2E72981CA11E02003CDB77</key>
		<dict>
			<key>fileEncoding</key>
			<string>4</string>
			<key>isa</key>
			<string>PBXFileReference</string>
			<key>lastKnownFileType</key>
			<string>sourcecode.c.objc</string>
			<key>path</key>
			<string>HXLiveModel.m</string>
			<key>sourceTree</key>
			<string>&lt;group&gt;</string>
		</dict>
		<key>CD2E72991CA11E02003CDB77</key>
		<dict>
			<key>children</key>
			<array>
				<string>CD2E729A1CA11E02003CDB77</string>
				<string>CD2E729B1CA11E02003CDB77</string>
			</array>
			<key>isa</key>
			<string>PBXGroup</string>
			<key>path</key>
			<string>Online</string>
			<key>sourceTree</key>
			<string>&lt;group&gt;</string>
		</dict>
		<key>CD2E729A1CA11E02003CDB77</key>
		<dict>
			<key>fileEncoding</key>
			<string>4</string>
			<key>isa</key>
			<string>PBXFileReference</string>
			<key>lastKnownFileType</key>
			<string>sourcecode.c.h</string>
			<key>path</key>
			<string>HXOnlineModel.h</string>
			<key>sourceTree</key>
			<string>&lt;group&gt;</string>
		</dict>
		<key>CD2E729B1CA11E02003CDB77</key>
		<dict>
			<key>fileEncoding</key>
			<string>4</string>
			<key>isa</key>
			<string>PBXFileReference</string>
			<key>lastKnownFileType</key>
			<string>sourcecode.c.objc</string>
			<key>path</key>
			<string>HXOnlineModel.m</string>
			<key>sourceTree</key>
			<string>&lt;group&gt;</string>
		</dict>
		<key>CD2E729C1CA11E02003CDB77</key>
		<dict>
			<key>fileRef</key>
			<string>CD2E72981CA11E02003CDB77</string>
			<key>isa</key>
			<string>PBXBuildFile</string>
		</dict>
		<key>CD2E729D1CA11E02003CDB77</key>
		<dict>
			<key>fileRef</key>
			<string>CD2E729B1CA11E02003CDB77</string>
			<key>isa</key>
			<string>PBXBuildFile</string>
		</dict>
		<key>CD2E729E1CA11E13003CDB77</key>
		<dict>
			<key>children</key>
			<array>
				<string>CD2E729F1CA11E13003CDB77</string>
				<string>CD2E72A01CA11E13003CDB77</string>
			</array>
			<key>isa</key>
			<string>PBXGroup</string>
			<key>path</key>
			<string>Path</string>
			<key>sourceTree</key>
			<string>&lt;group&gt;</string>
		</dict>
		<key>CD2E729F1CA11E13003CDB77</key>
		<dict>
			<key>fileEncoding</key>
			<string>4</string>
			<key>isa</key>
			<string>PBXFileReference</string>
			<key>lastKnownFileType</key>
			<string>sourcecode.c.h</string>
			<key>path</key>
			<string>HXPathManager.h</string>
			<key>sourceTree</key>
			<string>&lt;group&gt;</string>
		</dict>
		<key>CD2E72A01CA11E13003CDB77</key>
		<dict>
			<key>fileEncoding</key>
			<string>4</string>
			<key>isa</key>
			<string>PBXFileReference</string>
			<key>lastKnownFileType</key>
			<string>sourcecode.c.objc</string>
			<key>path</key>
			<string>HXPathManager.m</string>
			<key>sourceTree</key>
			<string>&lt;group&gt;</string>
		</dict>
		<key>CD2E72A11CA11E13003CDB77</key>
		<dict>
			<key>children</key>
			<array>
				<string>CD2E72A21CA11E13003CDB77</string>
				<string>CD2E72A31CA11E13003CDB77</string>
			</array>
			<key>isa</key>
			<string>PBXGroup</string>
			<key>path</key>
			<string>Setting</string>
			<key>sourceTree</key>
			<string>&lt;group&gt;</string>
		</dict>
		<key>CD2E72A21CA11E13003CDB77</key>
		<dict>
			<key>fileEncoding</key>
			<string>4</string>
			<key>isa</key>
			<string>PBXFileReference</string>
			<key>lastKnownFileType</key>
			<string>sourcecode.c.h</string>
			<key>path</key>
			<string>HXSettingSession.h</string>
			<key>sourceTree</key>
			<string>&lt;group&gt;</string>
		</dict>
		<key>CD2E72A31CA11E13003CDB77</key>
		<dict>
			<key>fileEncoding</key>
			<string>4</string>
			<key>isa</key>
			<string>PBXFileReference</string>
			<key>lastKnownFileType</key>
			<string>sourcecode.c.objc</string>
			<key>path</key>
			<string>HXSettingSession.m</string>
			<key>sourceTree</key>
			<string>&lt;group&gt;</string>
		</dict>
		<key>CD2E72A41CA11E13003CDB77</key>
		<dict>
			<key>children</key>
			<array>
				<string>CD2E72A51CA11E13003CDB77</string>
				<string>CD2E72A61CA11E13003CDB77</string>
			</array>
			<key>isa</key>
			<string>PBXGroup</string>
			<key>path</key>
			<string>ZegoAVKit</string>
			<key>sourceTree</key>
			<string>&lt;group&gt;</string>
		</dict>
		<key>CD2E72A51CA11E13003CDB77</key>
		<dict>
			<key>fileEncoding</key>
			<string>4</string>
			<key>isa</key>
			<string>PBXFileReference</string>
			<key>lastKnownFileType</key>
			<string>sourcecode.c.h</string>
			<key>path</key>
			<string>HXZegoAVKitManager.h</string>
			<key>sourceTree</key>
			<string>&lt;group&gt;</string>
		</dict>
		<key>CD2E72A61CA11E13003CDB77</key>
		<dict>
			<key>fileEncoding</key>
			<string>4</string>
			<key>isa</key>
			<string>PBXFileReference</string>
			<key>lastKnownFileType</key>
			<string>sourcecode.c.objc</string>
			<key>path</key>
			<string>HXZegoAVKitManager.m</string>
			<key>sourceTree</key>
			<string>&lt;group&gt;</string>
		</dict>
		<key>CD2E72A71CA11E13003CDB77</key>
		<dict>
			<key>fileRef</key>
			<string>CD2E72A01CA11E13003CDB77</string>
			<key>isa</key>
			<string>PBXBuildFile</string>
		</dict>
		<key>CD2E72A81CA11E13003CDB77</key>
		<dict>
			<key>fileRef</key>
			<string>CD2E72A31CA11E13003CDB77</string>
			<key>isa</key>
			<string>PBXBuildFile</string>
		</dict>
		<key>CD2E72A91CA11E13003CDB77</key>
		<dict>
			<key>fileRef</key>
			<string>CD2E72A61CA11E13003CDB77</string>
			<key>isa</key>
			<string>PBXBuildFile</string>
		</dict>
		<key>CD2E72AA1CA11E37003CDB77</key>
		<dict>
			<key>children</key>
			<array>
				<string>CD2E72AB1CA11E37003CDB77</string>
				<string>CD2E72B41CA11E37003CDB77</string>
				<string>CD2E72B81CA11E37003CDB77</string>
				<string>CD2E72CD1CA11E37003CDB77</string>
			</array>
			<key>isa</key>
			<string>PBXGroup</string>
			<key>path</key>
			<string>Common</string>
			<key>sourceTree</key>
			<string>&lt;group&gt;</string>
		</dict>
		<key>CD2E72AB1CA11E37003CDB77</key>
		<dict>
			<key>children</key>
			<array>
				<string>CD2E72AC1CA11E37003CDB77</string>
				<string>CD2E72AD1CA11E37003CDB77</string>
				<string>CD2E72AE1CA11E37003CDB77</string>
				<string>CD2E72AF1CA11E37003CDB77</string>
				<string>CD2E72B01CA11E37003CDB77</string>
				<string>CD2E72B11CA11E37003CDB77</string>
				<string>CD2E72B21CA11E37003CDB77</string>
				<string>CD2E72B31CA11E37003CDB77</string>
			</array>
			<key>isa</key>
			<string>PBXGroup</string>
			<key>path</key>
			<string>Category</string>
			<key>sourceTree</key>
			<string>&lt;group&gt;</string>
		</dict>
		<key>CD2E72AC1CA11E37003CDB77</key>
		<dict>
			<key>fileEncoding</key>
			<string>4</string>
			<key>isa</key>
			<string>PBXFileReference</string>
			<key>lastKnownFileType</key>
			<string>sourcecode.c.h</string>
			<key>path</key>
			<string>NSObject+LoginAction.h</string>
			<key>sourceTree</key>
			<string>&lt;group&gt;</string>
		</dict>
		<key>CD2E72AD1CA11E37003CDB77</key>
		<dict>
			<key>fileEncoding</key>
			<string>4</string>
			<key>isa</key>
			<string>PBXFileReference</string>
			<key>lastKnownFileType</key>
			<string>sourcecode.c.objc</string>
			<key>path</key>
			<string>NSObject+LoginAction.m</string>
			<key>sourceTree</key>
			<string>&lt;group&gt;</string>
		</dict>
		<key>CD2E72AE1CA11E37003CDB77</key>
		<dict>
			<key>fileEncoding</key>
			<string>4</string>
			<key>isa</key>
			<string>PBXFileReference</string>
			<key>lastKnownFileType</key>
			<string>sourcecode.c.h</string>
			<key>path</key>
			<string>UIView+FindUIViewController.h</string>
			<key>sourceTree</key>
			<string>&lt;group&gt;</string>
		</dict>
		<key>CD2E72AF1CA11E37003CDB77</key>
		<dict>
			<key>fileEncoding</key>
			<string>4</string>
			<key>isa</key>
			<string>PBXFileReference</string>
			<key>lastKnownFileType</key>
			<string>sourcecode.c.objc</string>
			<key>path</key>
			<string>UIView+FindUIViewController.m</string>
			<key>sourceTree</key>
			<string>&lt;group&gt;</string>
		</dict>
		<key>CD2E72B01CA11E37003CDB77</key>
		<dict>
			<key>fileEncoding</key>
			<string>4</string>
			<key>isa</key>
			<string>PBXFileReference</string>
			<key>lastKnownFileType</key>
			<string>sourcecode.c.h</string>
			<key>path</key>
			<string>UIView+Frame.h</string>
			<key>sourceTree</key>
			<string>&lt;group&gt;</string>
		</dict>
		<key>CD2E72B11CA11E37003CDB77</key>
		<dict>
			<key>fileEncoding</key>
			<string>4</string>
			<key>isa</key>
			<string>PBXFileReference</string>
			<key>lastKnownFileType</key>
			<string>sourcecode.c.objc</string>
			<key>path</key>
			<string>UIView+Frame.m</string>
			<key>sourceTree</key>
			<string>&lt;group&gt;</string>
		</dict>
		<key>CD2E72B21CA11E37003CDB77</key>
		<dict>
			<key>fileEncoding</key>
			<string>4</string>
			<key>isa</key>
			<string>PBXFileReference</string>
			<key>lastKnownFileType</key>
			<string>sourcecode.c.h</string>
			<key>path</key>
			<string>UIViewController+HXClass.h</string>
			<key>sourceTree</key>
			<string>&lt;group&gt;</string>
		</dict>
		<key>CD2E72B31CA11E37003CDB77</key>
		<dict>
			<key>fileEncoding</key>
			<string>4</string>
			<key>isa</key>
			<string>PBXFileReference</string>
			<key>lastKnownFileType</key>
			<string>sourcecode.c.objc</string>
			<key>path</key>
			<string>UIViewController+HXClass.m</string>
			<key>sourceTree</key>
			<string>&lt;group&gt;</string>
		</dict>
		<key>CD2E72B41CA11E37003CDB77</key>
		<dict>
			<key>children</key>
			<array>
				<string>CD2E72B51CA11E37003CDB77</string>
				<string>CD2E72B61CA11E37003CDB77</string>
				<string>CD2E72B71CA11E37003CDB77</string>
			</array>
			<key>isa</key>
			<string>PBXGroup</string>
			<key>path</key>
			<string>Macros</string>
			<key>sourceTree</key>
			<string>&lt;group&gt;</string>
		</dict>
		<key>CD2E72B51CA11E37003CDB77</key>
		<dict>
			<key>fileEncoding</key>
			<string>4</string>
			<key>isa</key>
			<string>PBXFileReference</string>
			<key>lastKnownFileType</key>
			<string>sourcecode.c.h</string>
			<key>path</key>
			<string>HXAppConstants.h</string>
			<key>sourceTree</key>
			<string>&lt;group&gt;</string>
		</dict>
		<key>CD2E72B61CA11E37003CDB77</key>
		<dict>
			<key>fileEncoding</key>
			<string>4</string>
			<key>isa</key>
			<string>PBXFileReference</string>
			<key>lastKnownFileType</key>
			<string>sourcecode.c.objc</string>
			<key>path</key>
			<string>HXAppConstants.m</string>
			<key>sourceTree</key>
			<string>&lt;group&gt;</string>
		</dict>
		<key>CD2E72B71CA11E37003CDB77</key>
		<dict>
			<key>fileEncoding</key>
			<string>4</string>
			<key>isa</key>
			<string>PBXFileReference</string>
			<key>lastKnownFileType</key>
			<string>sourcecode.c.h</string>
			<key>path</key>
			<string>UIConstants.h</string>
			<key>sourceTree</key>
			<string>&lt;group&gt;</string>
		</dict>
		<key>CD2E72B81CA11E37003CDB77</key>
		<dict>
			<key>children</key>
			<array>
				<string>CD2E72B91CA11E37003CDB77</string>
				<string>CD2E72BD1CA11E37003CDB77</string>
				<string>CD2E72C01CA11E37003CDB77</string>
				<string>CD2E72C31CA11E37003CDB77</string>
				<string>CD2E72C91CA11E37003CDB77</string>
				<string>CD2E72CC1CA11E37003CDB77</string>
			</array>
			<key>isa</key>
			<string>PBXGroup</string>
			<key>path</key>
			<string>UIComponent</string>
			<key>sourceTree</key>
			<string>&lt;group&gt;</string>
		</dict>
		<key>CD2E72B91CA11E37003CDB77</key>
		<dict>
			<key>children</key>
			<array>
				<string>CD2E72BA1CA11E37003CDB77</string>
				<string>CD2E72BB1CA11E37003CDB77</string>
				<string>CD2E72BC1CA11E37003CDB77</string>
			</array>
			<key>isa</key>
			<string>PBXGroup</string>
			<key>path</key>
			<string>HXAlertBanner</string>
			<key>sourceTree</key>
			<string>&lt;group&gt;</string>
		</dict>
		<key>CD2E72BA1CA11E37003CDB77</key>
		<dict>
			<key>fileEncoding</key>
			<string>4</string>
			<key>isa</key>
			<string>PBXFileReference</string>
			<key>lastKnownFileType</key>
			<string>sourcecode.c.h</string>
			<key>path</key>
			<string>HXAlertBanner.h</string>
			<key>sourceTree</key>
			<string>&lt;group&gt;</string>
		</dict>
		<key>CD2E72BB1CA11E37003CDB77</key>
		<dict>
			<key>fileEncoding</key>
			<string>4</string>
			<key>isa</key>
			<string>PBXFileReference</string>
			<key>lastKnownFileType</key>
			<string>sourcecode.c.objc</string>
			<key>path</key>
			<string>HXAlertBanner.m</string>
			<key>sourceTree</key>
			<string>&lt;group&gt;</string>
		</dict>
		<key>CD2E72BC1CA11E37003CDB77</key>
		<dict>
			<key>fileEncoding</key>
			<string>4</string>
			<key>isa</key>
			<string>PBXFileReference</string>
			<key>lastKnownFileType</key>
			<string>file.xib</string>
			<key>path</key>
			<string>HXAlertBanner.xib</string>
			<key>sourceTree</key>
			<string>&lt;group&gt;</string>
		</dict>
		<key>CD2E72BD1CA11E37003CDB77</key>
		<dict>
			<key>children</key>
			<array>
				<string>CD2E72BE1CA11E37003CDB77</string>
				<string>CD2E72BF1CA11E37003CDB77</string>
			</array>
			<key>isa</key>
			<string>PBXGroup</string>
			<key>path</key>
			<string>HXCaptchButton</string>
			<key>sourceTree</key>
			<string>&lt;group&gt;</string>
		</dict>
		<key>CD2E72BE1CA11E37003CDB77</key>
		<dict>
			<key>fileEncoding</key>
			<string>4</string>
			<key>isa</key>
			<string>PBXFileReference</string>
			<key>lastKnownFileType</key>
			<string>sourcecode.c.h</string>
			<key>path</key>
			<string>HXCaptchButton.h</string>
			<key>sourceTree</key>
			<string>&lt;group&gt;</string>
		</dict>
		<key>CD2E72BF1CA11E37003CDB77</key>
		<dict>
			<key>fileEncoding</key>
			<string>4</string>
			<key>isa</key>
			<string>PBXFileReference</string>
			<key>lastKnownFileType</key>
			<string>sourcecode.c.objc</string>
			<key>path</key>
			<string>HXCaptchButton.m</string>
			<key>sourceTree</key>
			<string>&lt;group&gt;</string>
		</dict>
		<key>CD2E72C01CA11E37003CDB77</key>
		<dict>
			<key>children</key>
			<array>
				<string>CD2E72C11CA11E37003CDB77</string>
				<string>CD2E72C21CA11E37003CDB77</string>
			</array>
			<key>isa</key>
			<string>PBXGroup</string>
			<key>path</key>
			<string>HXLabel</string>
			<key>sourceTree</key>
			<string>&lt;group&gt;</string>
		</dict>
		<key>CD2E72C11CA11E37003CDB77</key>
		<dict>
			<key>fileEncoding</key>
			<string>4</string>
			<key>isa</key>
			<string>PBXFileReference</string>
			<key>lastKnownFileType</key>
			<string>sourcecode.c.h</string>
			<key>path</key>
			<string>HXLabel.h</string>
			<key>sourceTree</key>
			<string>&lt;group&gt;</string>
		</dict>
		<key>CD2E72C21CA11E37003CDB77</key>
		<dict>
			<key>fileEncoding</key>
			<string>4</string>
			<key>isa</key>
			<string>PBXFileReference</string>
			<key>lastKnownFileType</key>
			<string>sourcecode.c.objc</string>
			<key>path</key>
			<string>HXLabel.m</string>
			<key>sourceTree</key>
			<string>&lt;group&gt;</string>
		</dict>
		<key>CD2E72C31CA11E37003CDB77</key>
		<dict>
			<key>children</key>
			<array>
				<string>CD2E72C41CA11E37003CDB77</string>
				<string>CD2E72C51CA11E37003CDB77</string>
				<string>CD2E72C61CA11E37003CDB77</string>
				<string>CD2E72C71CA11E37003CDB77</string>
				<string>CD2E72C81CA11E37003CDB77</string>
			</array>
			<key>isa</key>
			<string>PBXGroup</string>
			<key>path</key>
			<string>HXLoadingView</string>
			<key>sourceTree</key>
			<string>&lt;group&gt;</string>
		</dict>
		<key>CD2E72C41CA11E37003CDB77</key>
		<dict>
			<key>fileEncoding</key>
			<string>4</string>
			<key>isa</key>
			<string>PBXFileReference</string>
			<key>lastKnownFileType</key>
			<string>sourcecode.c.h</string>
			<key>path</key>
			<string>HXActivityIndicator.h</string>
			<key>sourceTree</key>
			<string>&lt;group&gt;</string>
		</dict>
		<key>CD2E72C51CA11E37003CDB77</key>
		<dict>
			<key>fileEncoding</key>
			<string>4</string>
			<key>isa</key>
			<string>PBXFileReference</string>
			<key>lastKnownFileType</key>
			<string>sourcecode.c.objc</string>
			<key>path</key>
			<string>HXActivityIndicator.m</string>
			<key>sourceTree</key>
			<string>&lt;group&gt;</string>
		</dict>
		<key>CD2E72C61CA11E37003CDB77</key>
		<dict>
			<key>fileEncoding</key>
			<string>4</string>
			<key>isa</key>
			<string>PBXFileReference</string>
			<key>lastKnownFileType</key>
			<string>sourcecode.c.h</string>
			<key>path</key>
			<string>HXLoadingView.h</string>
			<key>sourceTree</key>
			<string>&lt;group&gt;</string>
		</dict>
		<key>CD2E72C71CA11E37003CDB77</key>
		<dict>
			<key>fileEncoding</key>
			<string>4</string>
			<key>isa</key>
			<string>PBXFileReference</string>
			<key>lastKnownFileType</key>
			<string>sourcecode.c.objc</string>
			<key>path</key>
			<string>HXLoadingView.m</string>
			<key>sourceTree</key>
			<string>&lt;group&gt;</string>
		</dict>
		<key>CD2E72C81CA11E37003CDB77</key>
		<dict>
			<key>fileEncoding</key>
			<string>4</string>
			<key>isa</key>
			<string>PBXFileReference</string>
			<key>lastKnownFileType</key>
			<string>file.xib</string>
			<key>path</key>
			<string>HXLoadingView.xib</string>
			<key>sourceTree</key>
			<string>&lt;group&gt;</string>
		</dict>
		<key>CD2E72C91CA11E37003CDB77</key>
		<dict>
			<key>children</key>
			<array>
				<string>CD2E72CA1CA11E37003CDB77</string>
				<string>CD2E72CB1CA11E37003CDB77</string>
			</array>
			<key>isa</key>
			<string>PBXGroup</string>
			<key>path</key>
			<string>HXTextView</string>
			<key>sourceTree</key>
			<string>&lt;group&gt;</string>
		</dict>
		<key>CD2E72CA1CA11E37003CDB77</key>
		<dict>
			<key>fileEncoding</key>
			<string>4</string>
			<key>isa</key>
			<string>PBXFileReference</string>
			<key>lastKnownFileType</key>
			<string>sourcecode.c.h</string>
			<key>path</key>
			<string>HXTextView.h</string>
			<key>sourceTree</key>
			<string>&lt;group&gt;</string>
		</dict>
		<key>CD2E72CB1CA11E37003CDB77</key>
		<dict>
			<key>fileEncoding</key>
			<string>4</string>
			<key>isa</key>
			<string>PBXFileReference</string>
			<key>lastKnownFileType</key>
			<string>sourcecode.c.objc</string>
			<key>path</key>
			<string>HXTextView.m</string>
			<key>sourceTree</key>
			<string>&lt;group&gt;</string>
		</dict>
		<key>CD2E72CC1CA11E37003CDB77</key>
		<dict>
			<key>fileEncoding</key>
			<string>4</string>
			<key>isa</key>
			<string>PBXFileReference</string>
			<key>lastKnownFileType</key>
			<string>sourcecode.c.h</string>
			<key>path</key>
			<string>HXXib.h</string>
			<key>sourceTree</key>
			<string>&lt;group&gt;</string>
		</dict>
		<key>CD2E72CD1CA11E37003CDB77</key>
		<dict>
			<key>children</key>
			<array>
				<string>CD2E72CE1CA11E37003CDB77</string>
				<string>CD2E72D11CA11E37003CDB77</string>
				<string>CD2E72D41CA11E37003CDB77</string>
			</array>
			<key>isa</key>
			<string>PBXGroup</string>
			<key>path</key>
			<string>Uitility</string>
			<key>sourceTree</key>
			<string>&lt;group&gt;</string>
		</dict>
		<key>CD2E72CE1CA11E37003CDB77</key>
		<dict>
			<key>children</key>
			<array>
				<string>CD2E72CF1CA11E37003CDB77</string>
				<string>CD2E72D01CA11E37003CDB77</string>
			</array>
			<key>isa</key>
			<string>PBXGroup</string>
			<key>path</key>
			<string>HXStoryBoardManager</string>
			<key>sourceTree</key>
			<string>&lt;group&gt;</string>
		</dict>
		<key>CD2E72CF1CA11E37003CDB77</key>
		<dict>
			<key>fileEncoding</key>
			<string>4</string>
			<key>isa</key>
			<string>PBXFileReference</string>
			<key>lastKnownFileType</key>
			<string>sourcecode.c.h</string>
			<key>path</key>
			<string>HXStoryBoardManager.h</string>
			<key>sourceTree</key>
			<string>&lt;group&gt;</string>
		</dict>
		<key>CD2E72D01CA11E37003CDB77</key>
		<dict>
			<key>fileEncoding</key>
			<string>4</string>
			<key>isa</key>
			<string>PBXFileReference</string>
			<key>lastKnownFileType</key>
			<string>sourcecode.c.objc</string>
			<key>path</key>
			<string>HXStoryBoardManager.m</string>
			<key>sourceTree</key>
			<string>&lt;group&gt;</string>
		</dict>
		<key>CD2E72D11CA11E37003CDB77</key>
		<dict>
			<key>children</key>
			<array>
				<string>CD2E72D21CA11E37003CDB77</string>
				<string>CD2E72D31CA11E37003CDB77</string>
			</array>
			<key>isa</key>
			<string>PBXGroup</string>
			<key>path</key>
			<string>HXThemeManager</string>
			<key>sourceTree</key>
			<string>&lt;group&gt;</string>
		</dict>
		<key>CD2E72D21CA11E37003CDB77</key>
		<dict>
			<key>fileEncoding</key>
			<string>4</string>
			<key>isa</key>
			<string>PBXFileReference</string>
			<key>lastKnownFileType</key>
			<string>sourcecode.c.h</string>
			<key>path</key>
			<string>HXThemeManager.h</string>
			<key>sourceTree</key>
			<string>&lt;group&gt;</string>
		</dict>
		<key>CD2E72D31CA11E37003CDB77</key>
		<dict>
			<key>fileEncoding</key>
			<string>4</string>
			<key>isa</key>
			<string>PBXFileReference</string>
			<key>lastKnownFileType</key>
			<string>sourcecode.c.objc</string>
			<key>path</key>
			<string>HXThemeManager.m</string>
			<key>sourceTree</key>
			<string>&lt;group&gt;</string>
		</dict>
		<key>CD2E72D41CA11E37003CDB77</key>
		<dict>
			<key>children</key>
			<array>
				<string>CD2E72D51CA11E37003CDB77</string>
				<string>CD2E72D61CA11E37003CDB77</string>
			</array>
			<key>isa</key>
			<string>PBXGroup</string>
			<key>path</key>
			<string>HXVersion</string>
			<key>sourceTree</key>
			<string>&lt;group&gt;</string>
		</dict>
		<key>CD2E72D51CA11E37003CDB77</key>
		<dict>
			<key>fileEncoding</key>
			<string>4</string>
			<key>isa</key>
			<string>PBXFileReference</string>
			<key>lastKnownFileType</key>
			<string>sourcecode.c.h</string>
			<key>path</key>
			<string>HXVersion.h</string>
			<key>sourceTree</key>
			<string>&lt;group&gt;</string>
		</dict>
		<key>CD2E72D61CA11E37003CDB77</key>
		<dict>
			<key>fileEncoding</key>
			<string>4</string>
			<key>isa</key>
			<string>PBXFileReference</string>
			<key>lastKnownFileType</key>
			<string>sourcecode.c.objc</string>
			<key>path</key>
			<string>HXVersion.m</string>
			<key>sourceTree</key>
			<string>&lt;group&gt;</string>
		</dict>
		<key>CD2E72D71CA11E37003CDB77</key>
		<dict>
			<key>fileRef</key>
			<string>CD2E72AD1CA11E37003CDB77</string>
			<key>isa</key>
			<string>PBXBuildFile</string>
		</dict>
		<key>CD2E72D81CA11E37003CDB77</key>
		<dict>
			<key>fileRef</key>
			<string>CD2E72AF1CA11E37003CDB77</string>
			<key>isa</key>
			<string>PBXBuildFile</string>
		</dict>
		<key>CD2E72D91CA11E37003CDB77</key>
		<dict>
			<key>fileRef</key>
			<string>CD2E72B11CA11E37003CDB77</string>
			<key>isa</key>
			<string>PBXBuildFile</string>
		</dict>
		<key>CD2E72DA1CA11E37003CDB77</key>
		<dict>
			<key>fileRef</key>
			<string>CD2E72B31CA11E37003CDB77</string>
			<key>isa</key>
			<string>PBXBuildFile</string>
		</dict>
		<key>CD2E72DB1CA11E37003CDB77</key>
		<dict>
			<key>fileRef</key>
			<string>CD2E72B61CA11E37003CDB77</string>
			<key>isa</key>
			<string>PBXBuildFile</string>
		</dict>
		<key>CD2E72DC1CA11E37003CDB77</key>
		<dict>
			<key>fileRef</key>
			<string>CD2E72BB1CA11E37003CDB77</string>
			<key>isa</key>
			<string>PBXBuildFile</string>
		</dict>
		<key>CD2E72DD1CA11E37003CDB77</key>
		<dict>
			<key>fileRef</key>
			<string>CD2E72BC1CA11E37003CDB77</string>
			<key>isa</key>
			<string>PBXBuildFile</string>
		</dict>
		<key>CD2E72DE1CA11E37003CDB77</key>
		<dict>
			<key>fileRef</key>
			<string>CD2E72BF1CA11E37003CDB77</string>
			<key>isa</key>
			<string>PBXBuildFile</string>
		</dict>
		<key>CD2E72DF1CA11E37003CDB77</key>
		<dict>
			<key>fileRef</key>
			<string>CD2E72C21CA11E37003CDB77</string>
			<key>isa</key>
			<string>PBXBuildFile</string>
		</dict>
		<key>CD2E72E01CA11E37003CDB77</key>
		<dict>
			<key>fileRef</key>
			<string>CD2E72C51CA11E37003CDB77</string>
			<key>isa</key>
			<string>PBXBuildFile</string>
		</dict>
		<key>CD2E72E11CA11E37003CDB77</key>
		<dict>
			<key>fileRef</key>
			<string>CD2E72C71CA11E37003CDB77</string>
			<key>isa</key>
			<string>PBXBuildFile</string>
		</dict>
		<key>CD2E72E21CA11E37003CDB77</key>
		<dict>
			<key>fileRef</key>
			<string>CD2E72C81CA11E37003CDB77</string>
			<key>isa</key>
			<string>PBXBuildFile</string>
		</dict>
		<key>CD2E72E31CA11E37003CDB77</key>
		<dict>
			<key>fileRef</key>
			<string>CD2E72CB1CA11E37003CDB77</string>
			<key>isa</key>
			<string>PBXBuildFile</string>
		</dict>
		<key>CD2E72E41CA11E37003CDB77</key>
		<dict>
			<key>fileRef</key>
			<string>CD2E72D01CA11E37003CDB77</string>
			<key>isa</key>
			<string>PBXBuildFile</string>
		</dict>
		<key>CD2E72E51CA11E37003CDB77</key>
		<dict>
			<key>fileRef</key>
			<string>CD2E72D31CA11E37003CDB77</string>
			<key>isa</key>
			<string>PBXBuildFile</string>
		</dict>
		<key>CD2E72E61CA11E37003CDB77</key>
		<dict>
			<key>fileRef</key>
			<string>CD2E72D61CA11E37003CDB77</string>
			<key>isa</key>
			<string>PBXBuildFile</string>
		</dict>
		<key>CD2E72E71CA11E75003CDB77</key>
		<dict>
			<key>children</key>
			<array>
				<string>CD2E72E81CA11E75003CDB77</string>
			</array>
			<key>isa</key>
			<string>PBXVariantGroup</string>
			<key>name</key>
			<string>Live.storyboard</string>
			<key>sourceTree</key>
			<string>&lt;group&gt;</string>
		</dict>
		<key>CD2E72E81CA11E75003CDB77</key>
		<dict>
			<key>isa</key>
			<string>PBXFileReference</string>
			<key>lastKnownFileType</key>
			<string>file.storyboard</string>
			<key>name</key>
			<string>Base</string>
			<key>path</key>
			<string>Base.lproj/Live.storyboard</string>
			<key>sourceTree</key>
			<string>&lt;group&gt;</string>
		</dict>
		<key>CD2E72E91CA11E75003CDB77</key>
		<dict>
			<key>children</key>
			<array>
				<string>CD2E72EA1CA11E75003CDB77</string>
			</array>
			<key>isa</key>
			<string>PBXVariantGroup</string>
			<key>name</key>
			<string>Online.storyboard</string>
			<key>sourceTree</key>
			<string>&lt;group&gt;</string>
		</dict>
		<key>CD2E72EA1CA11E75003CDB77</key>
		<dict>
			<key>isa</key>
			<string>PBXFileReference</string>
			<key>lastKnownFileType</key>
			<string>file.storyboard</string>
			<key>name</key>
			<string>Base</string>
			<key>path</key>
			<string>Base.lproj/Online.storyboard</string>
			<key>sourceTree</key>
			<string>&lt;group&gt;</string>
		</dict>
		<key>CD2E72EB1CA11E75003CDB77</key>
		<dict>
			<key>children</key>
			<array>
				<string>CD2E72EC1CA11E75003CDB77</string>
			</array>
			<key>isa</key>
			<string>PBXVariantGroup</string>
			<key>name</key>
			<string>Publish.storyboard</string>
			<key>sourceTree</key>
			<string>&lt;group&gt;</string>
		</dict>
		<key>CD2E72EC1CA11E75003CDB77</key>
		<dict>
			<key>isa</key>
			<string>PBXFileReference</string>
			<key>lastKnownFileType</key>
			<string>file.storyboard</string>
			<key>name</key>
			<string>Base</string>
			<key>path</key>
			<string>Base.lproj/Publish.storyboard</string>
			<key>sourceTree</key>
			<string>&lt;group&gt;</string>
		</dict>
		<key>CD2E72ED1CA11E75003CDB77</key>
		<dict>
			<key>children</key>
			<array>
				<string>CD2E72EE1CA11E75003CDB77</string>
			</array>
			<key>isa</key>
			<string>PBXVariantGroup</string>
			<key>name</key>
			<string>Replay.storyboard</string>
			<key>sourceTree</key>
			<string>&lt;group&gt;</string>
		</dict>
		<key>CD2E72EE1CA11E75003CDB77</key>
		<dict>
			<key>isa</key>
			<string>PBXFileReference</string>
			<key>lastKnownFileType</key>
			<string>file.storyboard</string>
			<key>name</key>
			<string>Base</string>
			<key>path</key>
			<string>Base.lproj/Replay.storyboard</string>
			<key>sourceTree</key>
			<string>&lt;group&gt;</string>
		</dict>
		<key>CD2E72EF1CA11E75003CDB77</key>
		<dict>
			<key>children</key>
			<array>
				<string>CD2E72F01CA11E75003CDB77</string>
			</array>
			<key>isa</key>
			<string>PBXVariantGroup</string>
			<key>name</key>
			<string>Setting.storyboard</string>
			<key>sourceTree</key>
			<string>&lt;group&gt;</string>
		</dict>
		<key>CD2E72F01CA11E75003CDB77</key>
		<dict>
			<key>isa</key>
			<string>PBXFileReference</string>
			<key>lastKnownFileType</key>
			<string>file.storyboard</string>
			<key>name</key>
			<string>Base</string>
			<key>path</key>
			<string>Base.lproj/Setting.storyboard</string>
			<key>sourceTree</key>
			<string>&lt;group&gt;</string>
		</dict>
		<key>CD2E72F11CA11E75003CDB77</key>
		<dict>
			<key>fileRef</key>
			<string>CD2E72E71CA11E75003CDB77</string>
			<key>isa</key>
			<string>PBXBuildFile</string>
		</dict>
		<key>CD2E72F21CA11E75003CDB77</key>
		<dict>
			<key>fileRef</key>
			<string>CD2E72E91CA11E75003CDB77</string>
			<key>isa</key>
			<string>PBXBuildFile</string>
		</dict>
		<key>CD2E72F31CA11E75003CDB77</key>
		<dict>
			<key>fileRef</key>
			<string>CD2E72EB1CA11E75003CDB77</string>
			<key>isa</key>
			<string>PBXBuildFile</string>
		</dict>
		<key>CD2E72F41CA11E75003CDB77</key>
		<dict>
			<key>fileRef</key>
			<string>CD2E72ED1CA11E75003CDB77</string>
			<key>isa</key>
			<string>PBXBuildFile</string>
		</dict>
		<key>CD2E72F51CA11E75003CDB77</key>
		<dict>
			<key>fileRef</key>
			<string>CD2E72EF1CA11E75003CDB77</string>
			<key>isa</key>
			<string>PBXBuildFile</string>
		</dict>
		<key>CD74089B1C9946D800950A50</key>
		<dict>
			<key>fileRef</key>
			<string>CD19F8D41C9937160087DE1E</string>
			<key>isa</key>
			<string>PBXBuildFile</string>
			<key>settings</key>
			<dict>
				<key>ATTRIBUTES</key>
				<array>
					<string>CodeSignOnCopy</string>
					<string>RemoveHeadersOnCopy</string>
				</array>
			</dict>
		</dict>
		<key>CD74089C1C9946D800950A50</key>
		<dict>
			<key>buildActionMask</key>
			<string>2147483647</string>
			<key>dstPath</key>
			<string></string>
			<key>dstSubfolderSpec</key>
			<string>10</string>
			<key>files</key>
			<array>
				<string>CD74089B1C9946D800950A50</string>
			</array>
			<key>isa</key>
			<string>PBXCopyFilesBuildPhase</string>
			<key>name</key>
			<string>Embed Frameworks</string>
			<key>runOnlyForDeploymentPostprocessing</key>
			<string>0</string>
		</dict>
		<key>CD74089D1C99506000950A50</key>
		<dict>
			<key>children</key>
			<array>
				<string>CD2E729E1CA11E13003CDB77</string>
				<string>CD2E72A11CA11E13003CDB77</string>
				<string>CD2E72A41CA11E13003CDB77</string>
			</array>
			<key>isa</key>
			<string>PBXGroup</string>
			<key>path</key>
			<string>Session</string>
			<key>sourceTree</key>
			<string>&lt;group&gt;</string>
		</dict>
		<key>CD74089E1C99506C00950A50</key>
		<dict>
			<key>children</key>
			<array>
				<string>CD74089F1C99508B00950A50</string>
				<string>CD8A9A7B1C9906CA00698DE9</string>
				<string>CD8A9A7D1C9906CA00698DE9</string>
			</array>
			<key>isa</key>
			<string>PBXGroup</string>
			<key>name</key>
			<string>Resource</string>
			<key>sourceTree</key>
			<string>&lt;group&gt;</string>
		</dict>
		<key>CD74089F1C99508B00950A50</key>
		<dict>
			<key>children</key>
			<array>
				<string>CD2E72E71CA11E75003CDB77</string>
				<string>CD2E72E91CA11E75003CDB77</string>
				<string>CD2E72EB1CA11E75003CDB77</string>
				<string>CD2E72ED1CA11E75003CDB77</string>
				<string>CD2E72EF1CA11E75003CDB77</string>
				<string>CD8A9A781C9906CA00698DE9</string>
			</array>
			<key>isa</key>
			<string>PBXGroup</string>
			<key>name</key>
			<string>UI</string>
			<key>sourceTree</key>
			<string>&lt;group&gt;</string>
		</dict>
		<key>CD7408A01C9950C500950A50</key>
		<dict>
			<key>children</key>
			<array>
				<string>CD2E72961CA11E02003CDB77</string>
				<string>CD2E72991CA11E02003CDB77</string>
			</array>
			<key>isa</key>
			<string>PBXGroup</string>
			<key>path</key>
			<string>Models</string>
			<key>sourceTree</key>
			<string>&lt;group&gt;</string>
		</dict>
		<key>CD7408A11C9950C500950A50</key>
		<dict>
			<key>children</key>
			<array>
				<string>CD2E72771CA11DE0003CDB77</string>
				<string>CD2E727A1CA11DE0003CDB77</string>
				<string>CD2E727D1CA11DE0003CDB77</string>
				<string>CD2E72801CA11DE0003CDB77</string>
				<string>CD2E72831CA11DE0003CDB77</string>
				<string>CD2E72751CA11DE0003CDB77</string>
				<string>CD2E72761CA11DE0003CDB77</string>
			</array>
			<key>isa</key>
			<string>PBXGroup</string>
			<key>path</key>
			<string>ViewControllers</string>
			<key>sourceTree</key>
			<string>&lt;group&gt;</string>
		</dict>
		<key>CD7408A21C9950C500950A50</key>
		<dict>
			<key>children</key>
			<array/>
			<key>isa</key>
			<string>PBXGroup</string>
			<key>path</key>
			<string>ViewModels</string>
			<key>sourceTree</key>
			<string>&lt;group&gt;</string>
		</dict>
		<key>CD7408A31C9950C500950A50</key>
		<dict>
			<key>children</key>
			<array>
				<string>CD2E728C1CA11DF8003CDB77</string>
				<string>CD2E728F1CA11DF8003CDB77</string>
				<string>CD2E72901CA11DF8003CDB77</string>
				<string>CD2E72931CA11DF8003CDB77</string>
			</array>
			<key>isa</key>
			<string>PBXGroup</string>
			<key>path</key>
			<string>Views</string>
			<key>sourceTree</key>
			<string>&lt;group&gt;</string>
		</dict>
		<key>CD8A9A631C9906CA00698DE9</key>
		<dict>
			<key>children</key>
			<array>
				<string>CD8A9A6E1C9906CA00698DE9</string>
				<string>CD8A9A6D1C9906CA00698DE9</string>
				<string>D9458606FE035ECA691A213A</string>
				<string>55A2965703CA0FF3081251C6</string>
			</array>
			<key>isa</key>
			<string>PBXGroup</string>
			<key>sourceTree</key>
			<string>&lt;group&gt;</string>
		</dict>
		<key>CD8A9A641C9906CA00698DE9</key>
		<dict>
			<key>attributes</key>
			<dict>
				<key>LastUpgradeCheck</key>
				<string>0720</string>
				<key>ORGANIZATIONNAME</key>
				<string>Mia Music</string>
				<key>TargetAttributes</key>
				<dict>
					<key>CD8A9A6B1C9906CA00698DE9</key>
					<dict>
						<key>CreatedOnToolsVersion</key>
						<string>7.2.1</string>
					</dict>
				</dict>
			</dict>
			<key>buildConfigurationList</key>
			<string>CD8A9A671C9906CA00698DE9</string>
			<key>compatibilityVersion</key>
			<string>Xcode 3.2</string>
			<key>developmentRegion</key>
			<string>English</string>
			<key>hasScannedForEncodings</key>
			<string>0</string>
			<key>isa</key>
			<string>PBXProject</string>
			<key>knownRegions</key>
			<array>
				<string>en</string>
				<string>Base</string>
			</array>
			<key>mainGroup</key>
			<string>CD8A9A631C9906CA00698DE9</string>
			<key>productRefGroup</key>
			<string>CD8A9A6D1C9906CA00698DE9</string>
			<key>projectDirPath</key>
			<string></string>
			<key>projectReferences</key>
			<array/>
			<key>projectRoot</key>
			<string></string>
			<key>targets</key>
			<array>
				<string>CD8A9A6B1C9906CA00698DE9</string>
			</array>
		</dict>
		<key>CD8A9A671C9906CA00698DE9</key>
		<dict>
			<key>buildConfigurations</key>
			<array>
				<string>CD8A9A811C9906CA00698DE9</string>
				<string>CD8A9A821C9906CA00698DE9</string>
			</array>
			<key>defaultConfigurationIsVisible</key>
			<string>0</string>
			<key>defaultConfigurationName</key>
			<string>Release</string>
			<key>isa</key>
			<string>XCConfigurationList</string>
		</dict>
		<key>CD8A9A681C9906CA00698DE9</key>
		<dict>
			<key>buildActionMask</key>
			<string>2147483647</string>
			<key>files</key>
			<array>
				<string>CD2E72E61CA11E37003CDB77</string>
				<string>CD2E72A71CA11E13003CDB77</string>
				<string>CD2E728B1CA11DE0003CDB77</string>
				<string>CD2E729C1CA11E02003CDB77</string>
				<string>CD2E72DA1CA11E37003CDB77</string>
				<string>CD2E72E31CA11E37003CDB77</string>
				<string>CD2E72DF1CA11E37003CDB77</string>
				<string>CD2E72E11CA11E37003CDB77</string>
				<string>395D67011C9AB0E800ED0454</string>
				<string>CD2E72861CA11DE0003CDB77</string>
				<string>395D67001C9AB0E800ED0454</string>
				<string>CD2E72E01CA11E37003CDB77</string>
				<string>CD2E72891CA11DE0003CDB77</string>
				<string>CD2E72DB1CA11E37003CDB77</string>
				<string>CD2E72881CA11DE0003CDB77</string>
				<string>CD2E72DC1CA11E37003CDB77</string>
				<string>395D671B1C9AB1D700ED0454</string>
				<string>395D670F1C9AB19D00ED0454</string>
				<string>CD2E72D81CA11E37003CDB77</string>
				<string>CD2E72871CA11DE0003CDB77</string>
				<string>395D67171C9AB1C500ED0454</string>
				<string>CD2E72951CA11DF8003CDB77</string>
				<string>395D67071C9AB15000ED0454</string>
				<string>CD8A9A741C9906CA00698DE9</string>
				<string>CD2E729D1CA11E02003CDB77</string>
				<string>CD2E72E51CA11E37003CDB77</string>
				<string>395D66FF1C9AB0E800ED0454</string>
				<string>395D670B1C9AB16B00ED0454</string>
				<string>CD2E72941CA11DF8003CDB77</string>
				<string>395D67131C9AB1B700ED0454</string>
				<string>CD2E72D91CA11E37003CDB77</string>
				<string>CD8A9A711C9906CA00698DE9</string>
				<string>CD2E72DE1CA11E37003CDB77</string>
				<string>CD2E728A1CA11DE0003CDB77</string>
				<string>CD2E72E41CA11E37003CDB77</string>
				<string>CD2E72A91CA11E13003CDB77</string>
				<string>CD2E72A81CA11E13003CDB77</string>
				<string>CD2E72D71CA11E37003CDB77</string>
			</array>
			<key>isa</key>
			<string>PBXSourcesBuildPhase</string>
			<key>runOnlyForDeploymentPostprocessing</key>
			<string>0</string>
		</dict>
		<key>CD8A9A691C9906CA00698DE9</key>
		<dict>
			<key>buildActionMask</key>
			<string>2147483647</string>
			<key>files</key>
			<array>
				<string>CD19F8D51C9937160087DE1E</string>
				<string>124CB626904D3CA3E11516EC</string>
			</array>
			<key>isa</key>
			<string>PBXFrameworksBuildPhase</string>
			<key>runOnlyForDeploymentPostprocessing</key>
			<string>0</string>
		</dict>
		<key>CD8A9A6A1C9906CA00698DE9</key>
		<dict>
			<key>buildActionMask</key>
			<string>2147483647</string>
			<key>files</key>
			<array>
				<string>CD2E72F31CA11E75003CDB77</string>
				<string>CD2E72DD1CA11E37003CDB77</string>
				<string>CD8A9A7F1C9906CA00698DE9</string>
				<string>CD2E72F21CA11E75003CDB77</string>
				<string>CD2E72F41CA11E75003CDB77</string>
				<string>CD2E72F11CA11E75003CDB77</string>
				<string>CD8A9A7C1C9906CA00698DE9</string>
				<string>CD2E72F51CA11E75003CDB77</string>
				<string>CD2E72E21CA11E37003CDB77</string>
				<string>CD8A9A7A1C9906CA00698DE9</string>
			</array>
			<key>isa</key>
			<string>PBXResourcesBuildPhase</string>
			<key>runOnlyForDeploymentPostprocessing</key>
			<string>0</string>
		</dict>
		<key>CD8A9A6B1C9906CA00698DE9</key>
		<dict>
			<key>buildConfigurationList</key>
			<string>CD8A9A831C9906CA00698DE9</string>
			<key>buildPhases</key>
			<array>
				<string>5AB390C34757B5082A836BFD</string>
				<string>CD8A9A681C9906CA00698DE9</string>
				<string>CD8A9A691C9906CA00698DE9</string>
				<string>CD8A9A6A1C9906CA00698DE9</string>
				<string>E33E95F894DF2C3B4E55FE2C</string>
				<string>2FF6AC55DC845FE521292C47</string>
				<string>CD74089C1C9946D800950A50</string>
			</array>
			<key>buildRules</key>
			<array/>
			<key>dependencies</key>
			<array/>
			<key>isa</key>
			<string>PBXNativeTarget</string>
			<key>name</key>
			<string>Piano</string>
			<key>productName</key>
			<string>Piano</string>
			<key>productReference</key>
			<string>CD8A9A6C1C9906CA00698DE9</string>
			<key>productType</key>
			<string>com.apple.product-type.application</string>
		</dict>
		<key>CD8A9A6C1C9906CA00698DE9</key>
		<dict>
			<key>explicitFileType</key>
			<string>wrapper.application</string>
			<key>includeInIndex</key>
			<string>0</string>
			<key>isa</key>
			<string>PBXFileReference</string>
			<key>path</key>
			<string>Piano.app</string>
			<key>sourceTree</key>
			<string>BUILT_PRODUCTS_DIR</string>
		</dict>
		<key>CD8A9A6D1C9906CA00698DE9</key>
		<dict>
			<key>children</key>
			<array>
				<string>CD8A9A6C1C9906CA00698DE9</string>
			</array>
			<key>isa</key>
			<string>PBXGroup</string>
			<key>name</key>
			<string>Products</string>
			<key>sourceTree</key>
			<string>&lt;group&gt;</string>
		</dict>
		<key>CD8A9A6E1C9906CA00698DE9</key>
		<dict>
			<key>children</key>
			<array>
				<string>CD2E72AA1CA11E37003CDB77</string>
				<string>395D67021C9AB15000ED0454</string>
				<string>395D66F51C9AB0E800ED0454</string>
				<string>CD74089D1C99506000950A50</string>
				<string>CD7408A01C9950C500950A50</string>
				<string>CD7408A31C9950C500950A50</string>
				<string>CD7408A21C9950C500950A50</string>
				<string>CD7408A11C9950C500950A50</string>
				<string>CD8A9A721C9906CA00698DE9</string>
				<string>CD8A9A731C9906CA00698DE9</string>
				<string>CD74089E1C99506C00950A50</string>
				<string>CD8A9A6F1C9906CA00698DE9</string>
			</array>
			<key>isa</key>
			<string>PBXGroup</string>
			<key>path</key>
			<string>Piano</string>
			<key>sourceTree</key>
			<string>&lt;group&gt;</string>
		</dict>
		<key>CD8A9A6F1C9906CA00698DE9</key>
		<dict>
			<key>children</key>
			<array>
				<string>CD8A9A801C9906CA00698DE9</string>
				<string>CD8A9A701C9906CA00698DE9</string>
			</array>
			<key>isa</key>
			<string>PBXGroup</string>
			<key>name</key>
			<string>Supporting Files</string>
			<key>sourceTree</key>
			<string>&lt;group&gt;</string>
		</dict>
		<key>CD8A9A701C9906CA00698DE9</key>
		<dict>
			<key>isa</key>
			<string>PBXFileReference</string>
			<key>lastKnownFileType</key>
			<string>sourcecode.c.objc</string>
			<key>path</key>
			<string>main.m</string>
			<key>sourceTree</key>
			<string>&lt;group&gt;</string>
		</dict>
		<key>CD8A9A711C9906CA00698DE9</key>
		<dict>
			<key>fileRef</key>
			<string>CD8A9A701C9906CA00698DE9</string>
			<key>isa</key>
			<string>PBXBuildFile</string>
		</dict>
		<key>CD8A9A721C9906CA00698DE9</key>
		<dict>
			<key>isa</key>
			<string>PBXFileReference</string>
			<key>lastKnownFileType</key>
			<string>sourcecode.c.h</string>
			<key>path</key>
			<string>AppDelegate.h</string>
			<key>sourceTree</key>
			<string>&lt;group&gt;</string>
		</dict>
		<key>CD8A9A731C9906CA00698DE9</key>
		<dict>
			<key>isa</key>
			<string>PBXFileReference</string>
			<key>lastKnownFileType</key>
			<string>sourcecode.c.objc</string>
			<key>path</key>
			<string>AppDelegate.m</string>
			<key>sourceTree</key>
			<string>&lt;group&gt;</string>
		</dict>
		<key>CD8A9A741C9906CA00698DE9</key>
		<dict>
			<key>fileRef</key>
			<string>CD8A9A731C9906CA00698DE9</string>
			<key>isa</key>
			<string>PBXBuildFile</string>
		</dict>
		<key>CD8A9A781C9906CA00698DE9</key>
		<dict>
			<key>children</key>
			<array>
				<string>CD8A9A791C9906CA00698DE9</string>
			</array>
			<key>isa</key>
			<string>PBXVariantGroup</string>
			<key>name</key>
			<string>Main.storyboard</string>
			<key>sourceTree</key>
			<string>&lt;group&gt;</string>
		</dict>
		<key>CD8A9A791C9906CA00698DE9</key>
		<dict>
			<key>isa</key>
			<string>PBXFileReference</string>
			<key>lastKnownFileType</key>
			<string>file.storyboard</string>
			<key>name</key>
			<string>Base</string>
			<key>path</key>
			<string>Base.lproj/Main.storyboard</string>
			<key>sourceTree</key>
			<string>&lt;group&gt;</string>
		</dict>
		<key>CD8A9A7A1C9906CA00698DE9</key>
		<dict>
			<key>fileRef</key>
			<string>CD8A9A781C9906CA00698DE9</string>
			<key>isa</key>
			<string>PBXBuildFile</string>
		</dict>
		<key>CD8A9A7B1C9906CA00698DE9</key>
		<dict>
			<key>isa</key>
			<string>PBXFileReference</string>
			<key>lastKnownFileType</key>
			<string>folder.assetcatalog</string>
			<key>path</key>
			<string>Assets.xcassets</string>
			<key>sourceTree</key>
			<string>&lt;group&gt;</string>
		</dict>
		<key>CD8A9A7C1C9906CA00698DE9</key>
		<dict>
			<key>fileRef</key>
			<string>CD8A9A7B1C9906CA00698DE9</string>
			<key>isa</key>
			<string>PBXBuildFile</string>
		</dict>
		<key>CD8A9A7D1C9906CA00698DE9</key>
		<dict>
			<key>children</key>
			<array>
				<string>CD8A9A7E1C9906CA00698DE9</string>
			</array>
			<key>isa</key>
			<string>PBXVariantGroup</string>
			<key>name</key>
			<string>LaunchScreen.storyboard</string>
			<key>sourceTree</key>
			<string>&lt;group&gt;</string>
		</dict>
		<key>CD8A9A7E1C9906CA00698DE9</key>
		<dict>
			<key>isa</key>
			<string>PBXFileReference</string>
			<key>lastKnownFileType</key>
			<string>file.storyboard</string>
			<key>name</key>
			<string>Base</string>
			<key>path</key>
			<string>Base.lproj/LaunchScreen.storyboard</string>
			<key>sourceTree</key>
			<string>&lt;group&gt;</string>
		</dict>
		<key>CD8A9A7F1C9906CA00698DE9</key>
		<dict>
			<key>fileRef</key>
			<string>CD8A9A7D1C9906CA00698DE9</string>
			<key>isa</key>
			<string>PBXBuildFile</string>
		</dict>
		<key>CD8A9A801C9906CA00698DE9</key>
		<dict>
			<key>isa</key>
			<string>PBXFileReference</string>
			<key>lastKnownFileType</key>
			<string>text.plist.xml</string>
			<key>path</key>
			<string>Info.plist</string>
			<key>sourceTree</key>
			<string>&lt;group&gt;</string>
		</dict>
		<key>CD8A9A811C9906CA00698DE9</key>
		<dict>
			<key>buildSettings</key>
			<dict>
				<key>ALWAYS_SEARCH_USER_PATHS</key>
				<string>NO</string>
				<key>CLANG_CXX_LANGUAGE_STANDARD</key>
				<string>gnu++0x</string>
				<key>CLANG_CXX_LIBRARY</key>
				<string>libc++</string>
				<key>CLANG_ENABLE_MODULES</key>
				<string>YES</string>
				<key>CLANG_ENABLE_OBJC_ARC</key>
				<string>YES</string>
				<key>CLANG_WARN_BOOL_CONVERSION</key>
				<string>YES</string>
				<key>CLANG_WARN_CONSTANT_CONVERSION</key>
				<string>YES</string>
				<key>CLANG_WARN_DIRECT_OBJC_ISA_USAGE</key>
				<string>YES_ERROR</string>
				<key>CLANG_WARN_EMPTY_BODY</key>
				<string>YES</string>
				<key>CLANG_WARN_ENUM_CONVERSION</key>
				<string>YES</string>
				<key>CLANG_WARN_INT_CONVERSION</key>
				<string>YES</string>
				<key>CLANG_WARN_OBJC_ROOT_CLASS</key>
				<string>YES_ERROR</string>
				<key>CLANG_WARN_UNREACHABLE_CODE</key>
				<string>YES</string>
				<key>CLANG_WARN__DUPLICATE_METHOD_MATCH</key>
				<string>YES</string>
				<key>CODE_SIGN_IDENTITY[sdk=iphoneos*]</key>
				<string>iPhone Developer</string>
				<key>COPY_PHASE_STRIP</key>
				<string>NO</string>
				<key>DEBUG_INFORMATION_FORMAT</key>
				<string>dwarf</string>
				<key>ENABLE_STRICT_OBJC_MSGSEND</key>
				<string>YES</string>
				<key>ENABLE_TESTABILITY</key>
				<string>YES</string>
				<key>GCC_C_LANGUAGE_STANDARD</key>
				<string>gnu99</string>
				<key>GCC_DYNAMIC_NO_PIC</key>
				<string>NO</string>
				<key>GCC_NO_COMMON_BLOCKS</key>
				<string>YES</string>
				<key>GCC_OPTIMIZATION_LEVEL</key>
				<string>0</string>
				<key>GCC_PREPROCESSOR_DEFINITIONS</key>
				<array>
					<string>DEBUG=1</string>
					<string>$(inherited)</string>
				</array>
				<key>GCC_WARN_64_TO_32_BIT_CONVERSION</key>
				<string>YES</string>
				<key>GCC_WARN_ABOUT_RETURN_TYPE</key>
				<string>YES_ERROR</string>
				<key>GCC_WARN_UNDECLARED_SELECTOR</key>
				<string>YES</string>
				<key>GCC_WARN_UNINITIALIZED_AUTOS</key>
				<string>YES_AGGRESSIVE</string>
				<key>GCC_WARN_UNUSED_FUNCTION</key>
				<string>YES</string>
				<key>GCC_WARN_UNUSED_VARIABLE</key>
				<string>YES</string>
				<key>IPHONEOS_DEPLOYMENT_TARGET</key>
				<string>9.2</string>
				<key>MTL_ENABLE_DEBUG_INFO</key>
				<string>YES</string>
				<key>ONLY_ACTIVE_ARCH</key>
				<string>YES</string>
				<key>SDKROOT</key>
				<string>iphoneos</string>
			</dict>
			<key>isa</key>
			<string>XCBuildConfiguration</string>
			<key>name</key>
			<string>Debug</string>
		</dict>
		<key>CD8A9A821C9906CA00698DE9</key>
		<dict>
			<key>buildSettings</key>
			<dict>
				<key>ALWAYS_SEARCH_USER_PATHS</key>
				<string>NO</string>
				<key>CLANG_CXX_LANGUAGE_STANDARD</key>
				<string>gnu++0x</string>
				<key>CLANG_CXX_LIBRARY</key>
				<string>libc++</string>
				<key>CLANG_ENABLE_MODULES</key>
				<string>YES</string>
				<key>CLANG_ENABLE_OBJC_ARC</key>
				<string>YES</string>
				<key>CLANG_WARN_BOOL_CONVERSION</key>
				<string>YES</string>
				<key>CLANG_WARN_CONSTANT_CONVERSION</key>
				<string>YES</string>
				<key>CLANG_WARN_DIRECT_OBJC_ISA_USAGE</key>
				<string>YES_ERROR</string>
				<key>CLANG_WARN_EMPTY_BODY</key>
				<string>YES</string>
				<key>CLANG_WARN_ENUM_CONVERSION</key>
				<string>YES</string>
				<key>CLANG_WARN_INT_CONVERSION</key>
				<string>YES</string>
				<key>CLANG_WARN_OBJC_ROOT_CLASS</key>
				<string>YES_ERROR</string>
				<key>CLANG_WARN_UNREACHABLE_CODE</key>
				<string>YES</string>
				<key>CLANG_WARN__DUPLICATE_METHOD_MATCH</key>
				<string>YES</string>
				<key>CODE_SIGN_IDENTITY[sdk=iphoneos*]</key>
				<string>iPhone Developer</string>
				<key>COPY_PHASE_STRIP</key>
				<string>NO</string>
				<key>DEBUG_INFORMATION_FORMAT</key>
				<string>dwarf-with-dsym</string>
				<key>ENABLE_NS_ASSERTIONS</key>
				<string>NO</string>
				<key>ENABLE_STRICT_OBJC_MSGSEND</key>
				<string>YES</string>
				<key>GCC_C_LANGUAGE_STANDARD</key>
				<string>gnu99</string>
				<key>GCC_NO_COMMON_BLOCKS</key>
				<string>YES</string>
				<key>GCC_WARN_64_TO_32_BIT_CONVERSION</key>
				<string>YES</string>
				<key>GCC_WARN_ABOUT_RETURN_TYPE</key>
				<string>YES_ERROR</string>
				<key>GCC_WARN_UNDECLARED_SELECTOR</key>
				<string>YES</string>
				<key>GCC_WARN_UNINITIALIZED_AUTOS</key>
				<string>YES_AGGRESSIVE</string>
				<key>GCC_WARN_UNUSED_FUNCTION</key>
				<string>YES</string>
				<key>GCC_WARN_UNUSED_VARIABLE</key>
				<string>YES</string>
				<key>IPHONEOS_DEPLOYMENT_TARGET</key>
				<string>9.2</string>
				<key>MTL_ENABLE_DEBUG_INFO</key>
				<string>NO</string>
				<key>SDKROOT</key>
				<string>iphoneos</string>
				<key>VALIDATE_PRODUCT</key>
				<string>YES</string>
			</dict>
			<key>isa</key>
			<string>XCBuildConfiguration</string>
			<key>name</key>
			<string>Release</string>
		</dict>
		<key>CD8A9A831C9906CA00698DE9</key>
		<dict>
			<key>buildConfigurations</key>
			<array>
				<string>CD8A9A841C9906CA00698DE9</string>
				<string>CD8A9A851C9906CA00698DE9</string>
			</array>
			<key>defaultConfigurationIsVisible</key>
			<string>0</string>
			<key>defaultConfigurationName</key>
			<string>Release</string>
			<key>isa</key>
			<string>XCConfigurationList</string>
		</dict>
		<key>CD8A9A841C9906CA00698DE9</key>
		<dict>
			<key>baseConfigurationReference</key>
			<string>F16C66128D5E0919759ABA18</string>
			<key>buildSettings</key>
			<dict>
				<key>ASSETCATALOG_COMPILER_APPICON_NAME</key>
				<string>AppIcon</string>
				<key>CODE_SIGN_IDENTITY</key>
				<string>iPhone Developer</string>
				<key>CODE_SIGN_IDENTITY[sdk=iphoneos*]</key>
				<string>iPhone Developer</string>
				<key>ENABLE_BITCODE</key>
				<string>NO</string>
				<key>FRAMEWORK_SEARCH_PATHS</key>
				<array>
					<string>$(inherited)</string>
					<string>$(PROJECT_DIR)/Piano/Frameworks</string>
				</array>
				<key>INFOPLIST_FILE</key>
				<string>Piano/Info.plist</string>
				<key>IPHONEOS_DEPLOYMENT_TARGET</key>
				<string>8.0</string>
				<key>LD_RUNPATH_SEARCH_PATHS</key>
				<string>$(inherited) @executable_path/Frameworks</string>
				<key>PRODUCT_BUNDLE_IDENTIFIER</key>
				<string>com.miamusic.enterprise.live</string>
				<key>PRODUCT_NAME</key>
				<string>$(TARGET_NAME)</string>
				<key>PROVISIONING_PROFILE</key>
				<string></string>
			</dict>
			<key>isa</key>
			<string>XCBuildConfiguration</string>
			<key>name</key>
			<string>Debug</string>
		</dict>
		<key>CD8A9A851C9906CA00698DE9</key>
		<dict>
			<key>baseConfigurationReference</key>
			<string>4704094A70120BB39E18C473</string>
			<key>buildSettings</key>
			<dict>
				<key>ASSETCATALOG_COMPILER_APPICON_NAME</key>
				<string>AppIcon</string>
				<key>CODE_SIGN_IDENTITY</key>
				<string>iPhone Developer</string>
				<key>CODE_SIGN_IDENTITY[sdk=iphoneos*]</key>
				<string>iPhone Distribution</string>
				<key>ENABLE_BITCODE</key>
				<string>NO</string>
				<key>FRAMEWORK_SEARCH_PATHS</key>
				<array>
					<string>$(inherited)</string>
					<string>$(PROJECT_DIR)/Piano/Frameworks</string>
				</array>
				<key>INFOPLIST_FILE</key>
				<string>Piano/Info.plist</string>
				<key>IPHONEOS_DEPLOYMENT_TARGET</key>
				<string>8.0</string>
				<key>LD_RUNPATH_SEARCH_PATHS</key>
				<string>$(inherited) @executable_path/Frameworks</string>
				<key>PRODUCT_BUNDLE_IDENTIFIER</key>
				<string>com.miamusic.enterprise.live</string>
				<key>PRODUCT_NAME</key>
				<string>$(TARGET_NAME)</string>
				<key>PROVISIONING_PROFILE</key>
				<string></string>
			</dict>
			<key>isa</key>
			<string>XCBuildConfiguration</string>
			<key>name</key>
			<string>Release</string>
		</dict>
		<key>D9458606FE035ECA691A213A</key>
		<dict>
			<key>children</key>
			<array>
				<string>F16C66128D5E0919759ABA18</string>
				<string>4704094A70120BB39E18C473</string>
			</array>
			<key>isa</key>
			<string>PBXGroup</string>
			<key>name</key>
			<string>Pods</string>
			<key>sourceTree</key>
			<string>&lt;group&gt;</string>
		</dict>
		<key>E33E95F894DF2C3B4E55FE2C</key>
		<dict>
			<key>buildActionMask</key>
			<string>2147483647</string>
			<key>files</key>
			<array/>
			<key>inputPaths</key>
			<array/>
			<key>isa</key>
			<string>PBXShellScriptBuildPhase</string>
			<key>name</key>
			<string>Embed Pods Frameworks</string>
			<key>outputPaths</key>
			<array/>
			<key>runOnlyForDeploymentPostprocessing</key>
			<string>0</string>
			<key>shellPath</key>
			<string>/bin/sh</string>
			<key>shellScript</key>
			<string>"${SRCROOT}/Pods/Target Support Files/Pods/Pods-frameworks.sh"
</string>
			<key>showEnvVarsInLog</key>
			<string>0</string>
		</dict>
		<key>F16C66128D5E0919759ABA18</key>
		<dict>
			<key>includeInIndex</key>
			<string>1</string>
			<key>isa</key>
			<string>PBXFileReference</string>
			<key>lastKnownFileType</key>
			<string>text.xcconfig</string>
			<key>name</key>
			<string>Pods.debug.xcconfig</string>
			<key>path</key>
			<string>Pods/Target Support Files/Pods/Pods.debug.xcconfig</string>
			<key>sourceTree</key>
			<string>&lt;group&gt;</string>
		</dict>
	</dict>
	<key>rootObject</key>
	<string>CD8A9A641C9906CA00698DE9</string>
</dict>
</plist>
