// !$*UTF8*$!
{
	archiveVersion = 1;
	classes = {
	};
	objectVersion = 46;
	objects = {

/* Begin PBXBuildFile section */
		395D66FF1C9AB0E800ED0454 /* MiaAPIHelper.m in Sources */ = {isa = PBXBuildFile; fileRef = 395D66F81C9AB0E800ED0454 /* MiaAPIHelper.m */; };
		395D67001C9AB0E800ED0454 /* MiaRequestItem.m in Sources */ = {isa = PBXBuildFile; fileRef = 395D66FC1C9AB0E800ED0454 /* MiaRequestItem.m */; };
		395D67011C9AB0E800ED0454 /* WebSocketMgr.m in Sources */ = {isa = PBXBuildFile; fileRef = 395D66FE1C9AB0E800ED0454 /* WebSocketMgr.m */; };
		395D67071C9AB15000ED0454 /* NSTimer+BlockSupport.m in Sources */ = {isa = PBXBuildFile; fileRef = 395D67061C9AB15000ED0454 /* NSTimer+BlockSupport.m */; };
		395D670B1C9AB16B00ED0454 /* FileLog.m in Sources */ = {isa = PBXBuildFile; fileRef = 395D670A1C9AB16B00ED0454 /* FileLog.m */; };
		395D670F1C9AB19D00ED0454 /* PathHelper.m in Sources */ = {isa = PBXBuildFile; fileRef = 395D670E1C9AB19D00ED0454 /* PathHelper.m */; };
		395D67131C9AB1B700ED0454 /* NSString+IsNull.m in Sources */ = {isa = PBXBuildFile; fileRef = 395D67121C9AB1B700ED0454 /* NSString+IsNull.m */; };
		395D67171C9AB1C500ED0454 /* NSString+MD5.m in Sources */ = {isa = PBXBuildFile; fileRef = 395D67161C9AB1C500ED0454 /* NSString+MD5.m */; };
		395D671B1C9AB1D700ED0454 /* UserDefaultsUtils.m in Sources */ = {isa = PBXBuildFile; fileRef = 395D671A1C9AB1D700ED0454 /* UserDefaultsUtils.m */; };
		75246FDD53A733266B7179D8 /* libPods.a in Frameworks */ = {isa = PBXBuildFile; fileRef = C7FB3A1969D15BC5CFAA3B9E /* libPods.a */; };
		CD19F8D51C9937160087DE1E /* ZegoAVKit.framework in Frameworks */ = {isa = PBXBuildFile; fileRef = CD19F8D41C9937160087DE1E /* ZegoAVKit.framework */; };
		CD74089B1C9946D800950A50 /* ZegoAVKit.framework in Embed Frameworks */ = {isa = PBXBuildFile; fileRef = CD19F8D41C9937160087DE1E /* ZegoAVKit.framework */; settings = {ATTRIBUTES = (CodeSignOnCopy, RemoveHeadersOnCopy, ); }; };
		CD7408AA1C99570900950A50 /* HXZegoAVKitManager.m in Sources */ = {isa = PBXBuildFile; fileRef = CD7408A91C99570900950A50 /* HXZegoAVKitManager.m */; };
		CD7408AD1C995E8700950A50 /* HXMainViewController.m in Sources */ = {isa = PBXBuildFile; fileRef = CD7408AC1C995E8700950A50 /* HXMainViewController.m */; };
		CD7408B71C995F3900950A50 /* HXReplayViewController.m in Sources */ = {isa = PBXBuildFile; fileRef = CD7408B61C995F3900950A50 /* HXReplayViewController.m */; };
		CD7408BA1C995FE400950A50 /* Live.storyboard in Resources */ = {isa = PBXBuildFile; fileRef = CD7408B81C995FE400950A50 /* Live.storyboard */; };
		CD7408BD1C995FEF00950A50 /* Replay.storyboard in Resources */ = {isa = PBXBuildFile; fileRef = CD7408BB1C995FEF00950A50 /* Replay.storyboard */; };
		CD7408C01C995FFC00950A50 /* Publish.storyboard in Resources */ = {isa = PBXBuildFile; fileRef = CD7408BE1C995FFB00950A50 /* Publish.storyboard */; };
		CD7408C31C99600600950A50 /* Setting.storyboard in Resources */ = {isa = PBXBuildFile; fileRef = CD7408C11C99600600950A50 /* Setting.storyboard */; };
		CD7408C61C99612500950A50 /* HXPublishViewController.m in Sources */ = {isa = PBXBuildFile; fileRef = CD7408C51C99612500950A50 /* HXPublishViewController.m */; };
		CD7408C91C99612E00950A50 /* HXSettingViewController.m in Sources */ = {isa = PBXBuildFile; fileRef = CD7408C81C99612E00950A50 /* HXSettingViewController.m */; };
		CD7408F61C99652E00950A50 /* NSObject+LoginAction.m in Sources */ = {isa = PBXBuildFile; fileRef = CD7408CD1C99652E00950A50 /* NSObject+LoginAction.m */; };
		CD7408F71C99652E00950A50 /* UIView+FindUIViewController.m in Sources */ = {isa = PBXBuildFile; fileRef = CD7408CF1C99652E00950A50 /* UIView+FindUIViewController.m */; };
		CD7408F81C99652E00950A50 /* UIView+Frame.m in Sources */ = {isa = PBXBuildFile; fileRef = CD7408D11C99652E00950A50 /* UIView+Frame.m */; };
		CD7408F91C99652E00950A50 /* UIViewController+HXClass.m in Sources */ = {isa = PBXBuildFile; fileRef = CD7408D31C99652E00950A50 /* UIViewController+HXClass.m */; };
		CD7408FA1C99652E00950A50 /* HXAppConstants.m in Sources */ = {isa = PBXBuildFile; fileRef = CD7408D61C99652E00950A50 /* HXAppConstants.m */; };
		CD7408FB1C99652E00950A50 /* HXAlertBanner.m in Sources */ = {isa = PBXBuildFile; fileRef = CD7408DB1C99652E00950A50 /* HXAlertBanner.m */; };
		CD7408FC1C99652E00950A50 /* HXAlertBanner.xib in Resources */ = {isa = PBXBuildFile; fileRef = CD7408DC1C99652E00950A50 /* HXAlertBanner.xib */; };
		CD7408FD1C99652E00950A50 /* HXCaptchButton.m in Sources */ = {isa = PBXBuildFile; fileRef = CD7408DF1C99652E00950A50 /* HXCaptchButton.m */; };
		CD7408FE1C99652E00950A50 /* HXLabel.m in Sources */ = {isa = PBXBuildFile; fileRef = CD7408E21C99652E00950A50 /* HXLabel.m */; };
		CD7408FF1C99652E00950A50 /* HXActivityIndicator.m in Sources */ = {isa = PBXBuildFile; fileRef = CD7408E51C99652E00950A50 /* HXActivityIndicator.m */; };
		CD7409001C99652E00950A50 /* HXLoadingView.m in Sources */ = {isa = PBXBuildFile; fileRef = CD7408E71C99652E00950A50 /* HXLoadingView.m */; };
		CD7409011C99652E00950A50 /* HXLoadingView.xib in Resources */ = {isa = PBXBuildFile; fileRef = CD7408E81C99652E00950A50 /* HXLoadingView.xib */; };
		CD7409021C99652E00950A50 /* HXTextView.m in Sources */ = {isa = PBXBuildFile; fileRef = CD7408EB1C99652E00950A50 /* HXTextView.m */; };
		CD7409031C99652E00950A50 /* HXStoryBoardManager.m in Sources */ = {isa = PBXBuildFile; fileRef = CD7408EF1C99652E00950A50 /* HXStoryBoardManager.m */; };
		CD7409041C99652E00950A50 /* HXThemeManager.m in Sources */ = {isa = PBXBuildFile; fileRef = CD7408F21C99652E00950A50 /* HXThemeManager.m */; };
		CD7409051C99652E00950A50 /* HXVersion.m in Sources */ = {isa = PBXBuildFile; fileRef = CD7408F51C99652E00950A50 /* HXVersion.m */; };
		CD7409101C996D5A00950A50 /* HXReplayCell.m in Sources */ = {isa = PBXBuildFile; fileRef = CD74090F1C996D5A00950A50 /* HXReplayCell.m */; };
		CD7500761C9A5A220067BC55 /* HXSettingSession.m in Sources */ = {isa = PBXBuildFile; fileRef = CD7500751C9A5A220067BC55 /* HXSettingSession.m */; };
		CD75007A1C9A90AE0067BC55 /* HXPathManager.m in Sources */ = {isa = PBXBuildFile; fileRef = CD7500791C9A90AE0067BC55 /* HXPathManager.m */; };
		CD7500811C9BA5C60067BC55 /* HXOnlineViewController.m in Sources */ = {isa = PBXBuildFile; fileRef = CD7500801C9BA5C60067BC55 /* HXOnlineViewController.m */; };
		CD7500851C9BA6000067BC55 /* HXOnlineCell.m in Sources */ = {isa = PBXBuildFile; fileRef = CD7500841C9BA6000067BC55 /* HXOnlineCell.m */; };
		CD7500881C9BA6680067BC55 /* HXLiveViewController.m in Sources */ = {isa = PBXBuildFile; fileRef = CD7500871C9BA6680067BC55 /* HXLiveViewController.m */; };
		CD75008F1C9BAF5B0067BC55 /* Online.storyboard in Resources */ = {isa = PBXBuildFile; fileRef = CD75008D1C9BAF5B0067BC55 /* Online.storyboard */; };
		CD8A9A711C9906CA00698DE9 /* main.m in Sources */ = {isa = PBXBuildFile; fileRef = CD8A9A701C9906CA00698DE9 /* main.m */; };
		CD8A9A741C9906CA00698DE9 /* AppDelegate.m in Sources */ = {isa = PBXBuildFile; fileRef = CD8A9A731C9906CA00698DE9 /* AppDelegate.m */; };
		CD8A9A7A1C9906CA00698DE9 /* Main.storyboard in Resources */ = {isa = PBXBuildFile; fileRef = CD8A9A781C9906CA00698DE9 /* Main.storyboard */; };
		CD8A9A7C1C9906CA00698DE9 /* Assets.xcassets in Resources */ = {isa = PBXBuildFile; fileRef = CD8A9A7B1C9906CA00698DE9 /* Assets.xcassets */; };
		CD8A9A7F1C9906CA00698DE9 /* LaunchScreen.storyboard in Resources */ = {isa = PBXBuildFile; fileRef = CD8A9A7D1C9906CA00698DE9 /* LaunchScreen.storyboard */; };
/* End PBXBuildFile section */

/* Begin PBXCopyFilesBuildPhase section */
		CD74089C1C9946D800950A50 /* Embed Frameworks */ = {
			isa = PBXCopyFilesBuildPhase;
			buildActionMask = 2147483647;
			dstPath = "";
			dstSubfolderSpec = 10;
			files = (
				CD74089B1C9946D800950A50 /* ZegoAVKit.framework in Embed Frameworks */,
			);
			name = "Embed Frameworks";
			runOnlyForDeploymentPostprocessing = 0;
		};
/* End PBXCopyFilesBuildPhase section */

/* Begin PBXFileReference section */
		395D66F71C9AB0E800ED0454 /* MiaAPIHelper.h */ = {isa = PBXFileReference; fileEncoding = 4; lastKnownFileType = sourcecode.c.h; path = MiaAPIHelper.h; sourceTree = "<group>"; };
		395D66F81C9AB0E800ED0454 /* MiaAPIHelper.m */ = {isa = PBXFileReference; fileEncoding = 4; lastKnownFileType = sourcecode.c.objc; path = MiaAPIHelper.m; sourceTree = "<group>"; };
		395D66F91C9AB0E800ED0454 /* MiaAPIMacro.h */ = {isa = PBXFileReference; fileEncoding = 4; lastKnownFileType = sourcecode.c.h; path = MiaAPIMacro.h; sourceTree = "<group>"; };
		395D66FB1C9AB0E800ED0454 /* MiaRequestItem.h */ = {isa = PBXFileReference; fileEncoding = 4; lastKnownFileType = sourcecode.c.h; path = MiaRequestItem.h; sourceTree = "<group>"; };
		395D66FC1C9AB0E800ED0454 /* MiaRequestItem.m */ = {isa = PBXFileReference; fileEncoding = 4; lastKnownFileType = sourcecode.c.objc; path = MiaRequestItem.m; sourceTree = "<group>"; };
		395D66FD1C9AB0E800ED0454 /* WebSocketMgr.h */ = {isa = PBXFileReference; fileEncoding = 4; lastKnownFileType = sourcecode.c.h; path = WebSocketMgr.h; sourceTree = "<group>"; };
		395D66FE1C9AB0E800ED0454 /* WebSocketMgr.m */ = {isa = PBXFileReference; fileEncoding = 4; lastKnownFileType = sourcecode.c.objc; path = WebSocketMgr.m; sourceTree = "<group>"; };
		395D67051C9AB15000ED0454 /* NSTimer+BlockSupport.h */ = {isa = PBXFileReference; fileEncoding = 4; lastKnownFileType = sourcecode.c.h; path = "NSTimer+BlockSupport.h"; sourceTree = "<group>"; };
		395D67061C9AB15000ED0454 /* NSTimer+BlockSupport.m */ = {isa = PBXFileReference; fileEncoding = 4; lastKnownFileType = sourcecode.c.objc; path = "NSTimer+BlockSupport.m"; sourceTree = "<group>"; };
		395D67091C9AB16B00ED0454 /* FileLog.h */ = {isa = PBXFileReference; fileEncoding = 4; lastKnownFileType = sourcecode.c.h; path = FileLog.h; sourceTree = "<group>"; };
		395D670A1C9AB16B00ED0454 /* FileLog.m */ = {isa = PBXFileReference; fileEncoding = 4; lastKnownFileType = sourcecode.c.objc; path = FileLog.m; sourceTree = "<group>"; };
		395D670D1C9AB19D00ED0454 /* PathHelper.h */ = {isa = PBXFileReference; fileEncoding = 4; lastKnownFileType = sourcecode.c.h; path = PathHelper.h; sourceTree = "<group>"; };
		395D670E1C9AB19D00ED0454 /* PathHelper.m */ = {isa = PBXFileReference; fileEncoding = 4; lastKnownFileType = sourcecode.c.objc; path = PathHelper.m; sourceTree = "<group>"; };
		395D67111C9AB1B700ED0454 /* NSString+IsNull.h */ = {isa = PBXFileReference; fileEncoding = 4; lastKnownFileType = sourcecode.c.h; path = "NSString+IsNull.h"; sourceTree = "<group>"; };
		395D67121C9AB1B700ED0454 /* NSString+IsNull.m */ = {isa = PBXFileReference; fileEncoding = 4; lastKnownFileType = sourcecode.c.objc; path = "NSString+IsNull.m"; sourceTree = "<group>"; };
		395D67151C9AB1C500ED0454 /* NSString+MD5.h */ = {isa = PBXFileReference; fileEncoding = 4; lastKnownFileType = sourcecode.c.h; path = "NSString+MD5.h"; sourceTree = "<group>"; };
		395D67161C9AB1C500ED0454 /* NSString+MD5.m */ = {isa = PBXFileReference; fileEncoding = 4; lastKnownFileType = sourcecode.c.objc; path = "NSString+MD5.m"; sourceTree = "<group>"; };
		395D67191C9AB1D700ED0454 /* UserDefaultsUtils.h */ = {isa = PBXFileReference; fileEncoding = 4; lastKnownFileType = sourcecode.c.h; path = UserDefaultsUtils.h; sourceTree = "<group>"; };
		395D671A1C9AB1D700ED0454 /* UserDefaultsUtils.m */ = {isa = PBXFileReference; fileEncoding = 4; lastKnownFileType = sourcecode.c.objc; path = UserDefaultsUtils.m; sourceTree = "<group>"; };
		4704094A70120BB39E18C473 /* Pods.release.xcconfig */ = {isa = PBXFileReference; includeInIndex = 1; lastKnownFileType = text.xcconfig; name = Pods.release.xcconfig; path = "Pods/Target Support Files/Pods/Pods.release.xcconfig"; sourceTree = "<group>"; };
		C7FB3A1969D15BC5CFAA3B9E /* libPods.a */ = {isa = PBXFileReference; explicitFileType = archive.ar; includeInIndex = 0; path = libPods.a; sourceTree = BUILT_PRODUCTS_DIR; };
		CD19F8D41C9937160087DE1E /* ZegoAVKit.framework */ = {isa = PBXFileReference; lastKnownFileType = wrapper.framework; name = ZegoAVKit.framework; path = Piano/Frameworks/ZegoAVKit.framework; sourceTree = "<group>"; };
		CD7408A81C99570900950A50 /* HXZegoAVKitManager.h */ = {isa = PBXFileReference; fileEncoding = 4; lastKnownFileType = sourcecode.c.h; path = HXZegoAVKitManager.h; sourceTree = "<group>"; };
		CD7408A91C99570900950A50 /* HXZegoAVKitManager.m */ = {isa = PBXFileReference; fileEncoding = 4; lastKnownFileType = sourcecode.c.objc; path = HXZegoAVKitManager.m; sourceTree = "<group>"; };
		CD7408AB1C995E8700950A50 /* HXMainViewController.h */ = {isa = PBXFileReference; fileEncoding = 4; lastKnownFileType = sourcecode.c.h; path = HXMainViewController.h; sourceTree = "<group>"; };
		CD7408AC1C995E8700950A50 /* HXMainViewController.m */ = {isa = PBXFileReference; fileEncoding = 4; lastKnownFileType = sourcecode.c.objc; path = HXMainViewController.m; sourceTree = "<group>"; };
		CD7408B51C995F3900950A50 /* HXReplayViewController.h */ = {isa = PBXFileReference; fileEncoding = 4; lastKnownFileType = sourcecode.c.h; path = HXReplayViewController.h; sourceTree = "<group>"; };
		CD7408B61C995F3900950A50 /* HXReplayViewController.m */ = {isa = PBXFileReference; fileEncoding = 4; lastKnownFileType = sourcecode.c.objc; path = HXReplayViewController.m; sourceTree = "<group>"; };
		CD7408B91C995FE400950A50 /* Base */ = {isa = PBXFileReference; lastKnownFileType = file.storyboard; name = Base; path = Base.lproj/Live.storyboard; sourceTree = "<group>"; };
		CD7408BC1C995FEF00950A50 /* Base */ = {isa = PBXFileReference; lastKnownFileType = file.storyboard; name = Base; path = Base.lproj/Replay.storyboard; sourceTree = "<group>"; };
		CD7408BF1C995FFB00950A50 /* Base */ = {isa = PBXFileReference; lastKnownFileType = file.storyboard; name = Base; path = Base.lproj/Publish.storyboard; sourceTree = "<group>"; };
		CD7408C21C99600600950A50 /* Base */ = {isa = PBXFileReference; lastKnownFileType = file.storyboard; name = Base; path = Base.lproj/Setting.storyboard; sourceTree = "<group>"; };
		CD7408C41C99612500950A50 /* HXPublishViewController.h */ = {isa = PBXFileReference; fileEncoding = 4; lastKnownFileType = sourcecode.c.h; path = HXPublishViewController.h; sourceTree = "<group>"; };
		CD7408C51C99612500950A50 /* HXPublishViewController.m */ = {isa = PBXFileReference; fileEncoding = 4; lastKnownFileType = sourcecode.c.objc; path = HXPublishViewController.m; sourceTree = "<group>"; };
		CD7408C71C99612E00950A50 /* HXSettingViewController.h */ = {isa = PBXFileReference; fileEncoding = 4; lastKnownFileType = sourcecode.c.h; path = HXSettingViewController.h; sourceTree = "<group>"; };
		CD7408C81C99612E00950A50 /* HXSettingViewController.m */ = {isa = PBXFileReference; fileEncoding = 4; lastKnownFileType = sourcecode.c.objc; path = HXSettingViewController.m; sourceTree = "<group>"; };
		CD7408CC1C99652E00950A50 /* NSObject+LoginAction.h */ = {isa = PBXFileReference; fileEncoding = 4; lastKnownFileType = sourcecode.c.h; path = "NSObject+LoginAction.h"; sourceTree = "<group>"; };
		CD7408CD1C99652E00950A50 /* NSObject+LoginAction.m */ = {isa = PBXFileReference; fileEncoding = 4; lastKnownFileType = sourcecode.c.objc; path = "NSObject+LoginAction.m"; sourceTree = "<group>"; };
		CD7408CE1C99652E00950A50 /* UIView+FindUIViewController.h */ = {isa = PBXFileReference; fileEncoding = 4; lastKnownFileType = sourcecode.c.h; path = "UIView+FindUIViewController.h"; sourceTree = "<group>"; };
		CD7408CF1C99652E00950A50 /* UIView+FindUIViewController.m */ = {isa = PBXFileReference; fileEncoding = 4; lastKnownFileType = sourcecode.c.objc; path = "UIView+FindUIViewController.m"; sourceTree = "<group>"; };
		CD7408D01C99652E00950A50 /* UIView+Frame.h */ = {isa = PBXFileReference; fileEncoding = 4; lastKnownFileType = sourcecode.c.h; path = "UIView+Frame.h"; sourceTree = "<group>"; };
		CD7408D11C99652E00950A50 /* UIView+Frame.m */ = {isa = PBXFileReference; fileEncoding = 4; lastKnownFileType = sourcecode.c.objc; path = "UIView+Frame.m"; sourceTree = "<group>"; };
		CD7408D21C99652E00950A50 /* UIViewController+HXClass.h */ = {isa = PBXFileReference; fileEncoding = 4; lastKnownFileType = sourcecode.c.h; path = "UIViewController+HXClass.h"; sourceTree = "<group>"; };
		CD7408D31C99652E00950A50 /* UIViewController+HXClass.m */ = {isa = PBXFileReference; fileEncoding = 4; lastKnownFileType = sourcecode.c.objc; path = "UIViewController+HXClass.m"; sourceTree = "<group>"; };
		CD7408D51C99652E00950A50 /* HXAppConstants.h */ = {isa = PBXFileReference; fileEncoding = 4; lastKnownFileType = sourcecode.c.h; path = HXAppConstants.h; sourceTree = "<group>"; };
		CD7408D61C99652E00950A50 /* HXAppConstants.m */ = {isa = PBXFileReference; fileEncoding = 4; lastKnownFileType = sourcecode.c.objc; path = HXAppConstants.m; sourceTree = "<group>"; };
		CD7408D71C99652E00950A50 /* UIConstants.h */ = {isa = PBXFileReference; fileEncoding = 4; lastKnownFileType = sourcecode.c.h; path = UIConstants.h; sourceTree = "<group>"; };
		CD7408DA1C99652E00950A50 /* HXAlertBanner.h */ = {isa = PBXFileReference; fileEncoding = 4; lastKnownFileType = sourcecode.c.h; path = HXAlertBanner.h; sourceTree = "<group>"; };
		CD7408DB1C99652E00950A50 /* HXAlertBanner.m */ = {isa = PBXFileReference; fileEncoding = 4; lastKnownFileType = sourcecode.c.objc; path = HXAlertBanner.m; sourceTree = "<group>"; };
		CD7408DC1C99652E00950A50 /* HXAlertBanner.xib */ = {isa = PBXFileReference; fileEncoding = 4; lastKnownFileType = file.xib; path = HXAlertBanner.xib; sourceTree = "<group>"; };
		CD7408DE1C99652E00950A50 /* HXCaptchButton.h */ = {isa = PBXFileReference; fileEncoding = 4; lastKnownFileType = sourcecode.c.h; path = HXCaptchButton.h; sourceTree = "<group>"; };
		CD7408DF1C99652E00950A50 /* HXCaptchButton.m */ = {isa = PBXFileReference; fileEncoding = 4; lastKnownFileType = sourcecode.c.objc; path = HXCaptchButton.m; sourceTree = "<group>"; };
		CD7408E11C99652E00950A50 /* HXLabel.h */ = {isa = PBXFileReference; fileEncoding = 4; lastKnownFileType = sourcecode.c.h; path = HXLabel.h; sourceTree = "<group>"; };
		CD7408E21C99652E00950A50 /* HXLabel.m */ = {isa = PBXFileReference; fileEncoding = 4; lastKnownFileType = sourcecode.c.objc; path = HXLabel.m; sourceTree = "<group>"; };
		CD7408E41C99652E00950A50 /* HXActivityIndicator.h */ = {isa = PBXFileReference; fileEncoding = 4; lastKnownFileType = sourcecode.c.h; path = HXActivityIndicator.h; sourceTree = "<group>"; };
		CD7408E51C99652E00950A50 /* HXActivityIndicator.m */ = {isa = PBXFileReference; fileEncoding = 4; lastKnownFileType = sourcecode.c.objc; path = HXActivityIndicator.m; sourceTree = "<group>"; };
		CD7408E61C99652E00950A50 /* HXLoadingView.h */ = {isa = PBXFileReference; fileEncoding = 4; lastKnownFileType = sourcecode.c.h; path = HXLoadingView.h; sourceTree = "<group>"; };
		CD7408E71C99652E00950A50 /* HXLoadingView.m */ = {isa = PBXFileReference; fileEncoding = 4; lastKnownFileType = sourcecode.c.objc; path = HXLoadingView.m; sourceTree = "<group>"; };
		CD7408E81C99652E00950A50 /* HXLoadingView.xib */ = {isa = PBXFileReference; fileEncoding = 4; lastKnownFileType = file.xib; path = HXLoadingView.xib; sourceTree = "<group>"; };
		CD7408EA1C99652E00950A50 /* HXTextView.h */ = {isa = PBXFileReference; fileEncoding = 4; lastKnownFileType = sourcecode.c.h; path = HXTextView.h; sourceTree = "<group>"; };
		CD7408EB1C99652E00950A50 /* HXTextView.m */ = {isa = PBXFileReference; fileEncoding = 4; lastKnownFileType = sourcecode.c.objc; path = HXTextView.m; sourceTree = "<group>"; };
		CD7408EE1C99652E00950A50 /* HXStoryBoardManager.h */ = {isa = PBXFileReference; fileEncoding = 4; lastKnownFileType = sourcecode.c.h; path = HXStoryBoardManager.h; sourceTree = "<group>"; };
		CD7408EF1C99652E00950A50 /* HXStoryBoardManager.m */ = {isa = PBXFileReference; fileEncoding = 4; lastKnownFileType = sourcecode.c.objc; path = HXStoryBoardManager.m; sourceTree = "<group>"; };
		CD7408F11C99652E00950A50 /* HXThemeManager.h */ = {isa = PBXFileReference; fileEncoding = 4; lastKnownFileType = sourcecode.c.h; path = HXThemeManager.h; sourceTree = "<group>"; };
		CD7408F21C99652E00950A50 /* HXThemeManager.m */ = {isa = PBXFileReference; fileEncoding = 4; lastKnownFileType = sourcecode.c.objc; path = HXThemeManager.m; sourceTree = "<group>"; };
		CD7408F41C99652E00950A50 /* HXVersion.h */ = {isa = PBXFileReference; fileEncoding = 4; lastKnownFileType = sourcecode.c.h; path = HXVersion.h; sourceTree = "<group>"; };
		CD7408F51C99652E00950A50 /* HXVersion.m */ = {isa = PBXFileReference; fileEncoding = 4; lastKnownFileType = sourcecode.c.objc; path = HXVersion.m; sourceTree = "<group>"; };
		CD7409061C9965C000950A50 /* HXXib.h */ = {isa = PBXFileReference; lastKnownFileType = sourcecode.c.h; path = HXXib.h; sourceTree = "<group>"; };
		CD74090E1C996D5A00950A50 /* HXReplayCell.h */ = {isa = PBXFileReference; fileEncoding = 4; lastKnownFileType = sourcecode.c.h; path = HXReplayCell.h; sourceTree = "<group>"; };
		CD74090F1C996D5A00950A50 /* HXReplayCell.m */ = {isa = PBXFileReference; fileEncoding = 4; lastKnownFileType = sourcecode.c.objc; path = HXReplayCell.m; sourceTree = "<group>"; };
		CD7500741C9A5A220067BC55 /* HXSettingSession.h */ = {isa = PBXFileReference; fileEncoding = 4; lastKnownFileType = sourcecode.c.h; path = HXSettingSession.h; sourceTree = "<group>"; };
		CD7500751C9A5A220067BC55 /* HXSettingSession.m */ = {isa = PBXFileReference; fileEncoding = 4; lastKnownFileType = sourcecode.c.objc; path = HXSettingSession.m; sourceTree = "<group>"; };
		CD7500781C9A90AE0067BC55 /* HXPathManager.h */ = {isa = PBXFileReference; fileEncoding = 4; lastKnownFileType = sourcecode.c.h; path = HXPathManager.h; sourceTree = "<group>"; };
		CD7500791C9A90AE0067BC55 /* HXPathManager.m */ = {isa = PBXFileReference; fileEncoding = 4; lastKnownFileType = sourcecode.c.objc; path = HXPathManager.m; sourceTree = "<group>"; };
		CD75007F1C9BA5C60067BC55 /* HXOnlineViewController.h */ = {isa = PBXFileReference; fileEncoding = 4; lastKnownFileType = sourcecode.c.h; path = HXOnlineViewController.h; sourceTree = "<group>"; };
		CD7500801C9BA5C60067BC55 /* HXOnlineViewController.m */ = {isa = PBXFileReference; fileEncoding = 4; lastKnownFileType = sourcecode.c.objc; path = HXOnlineViewController.m; sourceTree = "<group>"; };
		CD7500831C9BA6000067BC55 /* HXOnlineCell.h */ = {isa = PBXFileReference; fileEncoding = 4; lastKnownFileType = sourcecode.c.h; path = HXOnlineCell.h; sourceTree = "<group>"; };
		CD7500841C9BA6000067BC55 /* HXOnlineCell.m */ = {isa = PBXFileReference; fileEncoding = 4; lastKnownFileType = sourcecode.c.objc; path = HXOnlineCell.m; sourceTree = "<group>"; };
		CD7500861C9BA6680067BC55 /* HXLiveViewController.h */ = {isa = PBXFileReference; fileEncoding = 4; lastKnownFileType = sourcecode.c.h; path = HXLiveViewController.h; sourceTree = "<group>"; };
		CD7500871C9BA6680067BC55 /* HXLiveViewController.m */ = {isa = PBXFileReference; fileEncoding = 4; lastKnownFileType = sourcecode.c.objc; path = HXLiveViewController.m; sourceTree = "<group>"; };
		CD75008E1C9BAF5B0067BC55 /* Base */ = {isa = PBXFileReference; lastKnownFileType = file.storyboard; name = Base; path = Base.lproj/Online.storyboard; sourceTree = "<group>"; };
		CD8A9A6C1C9906CA00698DE9 /* Piano.app */ = {isa = PBXFileReference; explicitFileType = wrapper.application; includeInIndex = 0; path = Piano.app; sourceTree = BUILT_PRODUCTS_DIR; };
		CD8A9A701C9906CA00698DE9 /* main.m */ = {isa = PBXFileReference; lastKnownFileType = sourcecode.c.objc; path = main.m; sourceTree = "<group>"; };
		CD8A9A721C9906CA00698DE9 /* AppDelegate.h */ = {isa = PBXFileReference; lastKnownFileType = sourcecode.c.h; path = AppDelegate.h; sourceTree = "<group>"; };
		CD8A9A731C9906CA00698DE9 /* AppDelegate.m */ = {isa = PBXFileReference; lastKnownFileType = sourcecode.c.objc; path = AppDelegate.m; sourceTree = "<group>"; };
		CD8A9A791C9906CA00698DE9 /* Base */ = {isa = PBXFileReference; lastKnownFileType = file.storyboard; name = Base; path = Base.lproj/Main.storyboard; sourceTree = "<group>"; };
		CD8A9A7B1C9906CA00698DE9 /* Assets.xcassets */ = {isa = PBXFileReference; lastKnownFileType = folder.assetcatalog; path = Assets.xcassets; sourceTree = "<group>"; };
		CD8A9A7E1C9906CA00698DE9 /* Base */ = {isa = PBXFileReference; lastKnownFileType = file.storyboard; name = Base; path = Base.lproj/LaunchScreen.storyboard; sourceTree = "<group>"; };
		CD8A9A801C9906CA00698DE9 /* Info.plist */ = {isa = PBXFileReference; lastKnownFileType = text.plist.xml; path = Info.plist; sourceTree = "<group>"; };
		F16C66128D5E0919759ABA18 /* Pods.debug.xcconfig */ = {isa = PBXFileReference; includeInIndex = 1; lastKnownFileType = text.xcconfig; name = Pods.debug.xcconfig; path = "Pods/Target Support Files/Pods/Pods.debug.xcconfig"; sourceTree = "<group>"; };
/* End PBXFileReference section */

/* Begin PBXFrameworksBuildPhase section */
		CD8A9A691C9906CA00698DE9 /* Frameworks */ = {
			isa = PBXFrameworksBuildPhase;
			buildActionMask = 2147483647;
			files = (
				75246FDD53A733266B7179D8 /* libPods.a in Frameworks */,
				CD19F8D51C9937160087DE1E /* ZegoAVKit.framework in Frameworks */,
			);
			runOnlyForDeploymentPostprocessing = 0;
		};
/* End PBXFrameworksBuildPhase section */

/* Begin PBXGroup section */
		395D66F51C9AB0E800ED0454 /* Network */ = {
			isa = PBXGroup;
			children = (
				395D66F61C9AB0E800ED0454 /* MiaAPIHelper */,
				395D66FA1C9AB0E800ED0454 /* WebSocketMgr */,
			);
			path = Network;
			sourceTree = "<group>";
		};
		395D66F61C9AB0E800ED0454 /* MiaAPIHelper */ = {
			isa = PBXGroup;
			children = (
				395D66F71C9AB0E800ED0454 /* MiaAPIHelper.h */,
				395D66F81C9AB0E800ED0454 /* MiaAPIHelper.m */,
				395D66F91C9AB0E800ED0454 /* MiaAPIMacro.h */,
			);
			path = MiaAPIHelper;
			sourceTree = "<group>";
		};
		395D66FA1C9AB0E800ED0454 /* WebSocketMgr */ = {
			isa = PBXGroup;
			children = (
				395D66FB1C9AB0E800ED0454 /* MiaRequestItem.h */,
				395D66FC1C9AB0E800ED0454 /* MiaRequestItem.m */,
				395D66FD1C9AB0E800ED0454 /* WebSocketMgr.h */,
				395D66FE1C9AB0E800ED0454 /* WebSocketMgr.m */,
			);
			path = WebSocketMgr;
			sourceTree = "<group>";
		};
		395D67021C9AB15000ED0454 /* Utils */ = {
			isa = PBXGroup;
			children = (
				395D67181C9AB1D700ED0454 /* UserDefaultsUtils */,
				395D670C1C9AB19D00ED0454 /* PathHelper */,
				395D67081C9AB16B00ED0454 /* FileLog */,
				395D67031C9AB15000ED0454 /* Categories */,
			);
			path = Utils;
			sourceTree = "<group>";
		};
		395D67031C9AB15000ED0454 /* Categories */ = {
			isa = PBXGroup;
			children = (
				395D67141C9AB1C500ED0454 /* NSString+MD5 */,
				395D67101C9AB1B700ED0454 /* NSString+IsNull */,
				395D67041C9AB15000ED0454 /* NSTimer+BlockSupport */,
			);
			path = Categories;
			sourceTree = "<group>";
		};
		395D67041C9AB15000ED0454 /* NSTimer+BlockSupport */ = {
			isa = PBXGroup;
			children = (
				395D67051C9AB15000ED0454 /* NSTimer+BlockSupport.h */,
				395D67061C9AB15000ED0454 /* NSTimer+BlockSupport.m */,
			);
			path = "NSTimer+BlockSupport";
			sourceTree = "<group>";
		};
		395D67081C9AB16B00ED0454 /* FileLog */ = {
			isa = PBXGroup;
			children = (
				395D67091C9AB16B00ED0454 /* FileLog.h */,
				395D670A1C9AB16B00ED0454 /* FileLog.m */,
			);
			path = FileLog;
			sourceTree = "<group>";
		};
		395D670C1C9AB19D00ED0454 /* PathHelper */ = {
			isa = PBXGroup;
			children = (
				395D670D1C9AB19D00ED0454 /* PathHelper.h */,
				395D670E1C9AB19D00ED0454 /* PathHelper.m */,
			);
			path = PathHelper;
			sourceTree = "<group>";
		};
		395D67101C9AB1B700ED0454 /* NSString+IsNull */ = {
			isa = PBXGroup;
			children = (
				395D67111C9AB1B700ED0454 /* NSString+IsNull.h */,
				395D67121C9AB1B700ED0454 /* NSString+IsNull.m */,
			);
			path = "NSString+IsNull";
			sourceTree = "<group>";
		};
		395D67141C9AB1C500ED0454 /* NSString+MD5 */ = {
			isa = PBXGroup;
			children = (
				395D67151C9AB1C500ED0454 /* NSString+MD5.h */,
				395D67161C9AB1C500ED0454 /* NSString+MD5.m */,
			);
			path = "NSString+MD5";
			sourceTree = "<group>";
		};
		395D67181C9AB1D700ED0454 /* UserDefaultsUtils */ = {
			isa = PBXGroup;
			children = (
				395D67191C9AB1D700ED0454 /* UserDefaultsUtils.h */,
				395D671A1C9AB1D700ED0454 /* UserDefaultsUtils.m */,
			);
			path = UserDefaultsUtils;
			sourceTree = "<group>";
		};
		55A2965703CA0FF3081251C6 /* Frameworks */ = {
			isa = PBXGroup;
			children = (
				CD19F8D41C9937160087DE1E /* ZegoAVKit.framework */,
				C7FB3A1969D15BC5CFAA3B9E /* libPods.a */,
			);
			name = Frameworks;
			sourceTree = "<group>";
		};
		CD74089D1C99506000950A50 /* Session */ = {
			isa = PBXGroup;
			children = (
				CD7500771C9A90A20067BC55 /* Path */,
				CD7500731C9A5A140067BC55 /* Setting */,
				CD7408A71C99570900950A50 /* ZegoAVKit */,
			);
			path = Session;
			sourceTree = "<group>";
		};
		CD74089E1C99506C00950A50 /* Resource */ = {
			isa = PBXGroup;
			children = (
				CD74089F1C99508B00950A50 /* UI */,
				CD8A9A7B1C9906CA00698DE9 /* Assets.xcassets */,
				CD8A9A7D1C9906CA00698DE9 /* LaunchScreen.storyboard */,
			);
			name = Resource;
			sourceTree = "<group>";
		};
		CD74089F1C99508B00950A50 /* UI */ = {
			isa = PBXGroup;
			children = (
				CD8A9A781C9906CA00698DE9 /* Main.storyboard */,
				CD75008D1C9BAF5B0067BC55 /* Online.storyboard */,
				CD7408BB1C995FEF00950A50 /* Replay.storyboard */,
				CD7408BE1C995FFB00950A50 /* Publish.storyboard */,
				CD7408C11C99600600950A50 /* Setting.storyboard */,
				CD7408B81C995FE400950A50 /* Live.storyboard */,
			);
			name = UI;
			sourceTree = "<group>";
		};
		CD7408A01C9950C500950A50 /* Models */ = {
			isa = PBXGroup;
			children = (
			);
			path = Models;
			sourceTree = "<group>";
		};
		CD7408A11C9950C500950A50 /* ViewControllers */ = {
			isa = PBXGroup;
			children = (
				CD75007E1C9BA5C60067BC55 /* Online */,
				CD7408B01C995EC000950A50 /* Replay */,
				CD7408AF1C995EC000950A50 /* Publish */,
				CD7408B11C995EC000950A50 /* Setting */,
				CD75007D1C9BA5C60067BC55 /* Live */,
				CD7408AB1C995E8700950A50 /* HXMainViewController.h */,
				CD7408AC1C995E8700950A50 /* HXMainViewController.m */,
			);
			path = ViewControllers;
			sourceTree = "<group>";
		};
		CD7408A21C9950C500950A50 /* ViewModels */ = {
			isa = PBXGroup;
			children = (
			);
			path = ViewModels;
			sourceTree = "<group>";
		};
		CD7408A31C9950C500950A50 /* Views */ = {
			isa = PBXGroup;
			children = (
				CD7500821C9BA6000067BC55 /* Online */,
				CD7409091C996CF900950A50 /* Replay */,
				CD7409081C996CF900950A50 /* Publish */,
				CD74090A1C996CF900950A50 /* Setting */,
			);
			path = Views;
			sourceTree = "<group>";
		};
		CD7408A71C99570900950A50 /* ZegoAVKit */ = {
			isa = PBXGroup;
			children = (
				CD7408A81C99570900950A50 /* HXZegoAVKitManager.h */,
				CD7408A91C99570900950A50 /* HXZegoAVKitManager.m */,
			);
			path = ZegoAVKit;
			sourceTree = "<group>";
		};
		CD7408AF1C995EC000950A50 /* Publish */ = {
			isa = PBXGroup;
			children = (
				CD7408C41C99612500950A50 /* HXPublishViewController.h */,
				CD7408C51C99612500950A50 /* HXPublishViewController.m */,
			);
			path = Publish;
			sourceTree = "<group>";
		};
		CD7408B01C995EC000950A50 /* Replay */ = {
			isa = PBXGroup;
			children = (
				CD7408B51C995F3900950A50 /* HXReplayViewController.h */,
				CD7408B61C995F3900950A50 /* HXReplayViewController.m */,
			);
			path = Replay;
			sourceTree = "<group>";
		};
		CD7408B11C995EC000950A50 /* Setting */ = {
			isa = PBXGroup;
			children = (
				CD7408C71C99612E00950A50 /* HXSettingViewController.h */,
				CD7408C81C99612E00950A50 /* HXSettingViewController.m */,
			);
			path = Setting;
			sourceTree = "<group>";
		};
		CD7408CA1C99652E00950A50 /* Common */ = {
			isa = PBXGroup;
			children = (
				CD7408CB1C99652E00950A50 /* Category */,
				CD7408D41C99652E00950A50 /* Macros */,
				CD7408D81C99652E00950A50 /* UIComponent */,
				CD7408EC1C99652E00950A50 /* Uitility */,
			);
			path = Common;
			sourceTree = "<group>";
		};
		CD7408CB1C99652E00950A50 /* Category */ = {
			isa = PBXGroup;
			children = (
				CD7408CC1C99652E00950A50 /* NSObject+LoginAction.h */,
				CD7408CD1C99652E00950A50 /* NSObject+LoginAction.m */,
				CD7408CE1C99652E00950A50 /* UIView+FindUIViewController.h */,
				CD7408CF1C99652E00950A50 /* UIView+FindUIViewController.m */,
				CD7408D01C99652E00950A50 /* UIView+Frame.h */,
				CD7408D11C99652E00950A50 /* UIView+Frame.m */,
				CD7408D21C99652E00950A50 /* UIViewController+HXClass.h */,
				CD7408D31C99652E00950A50 /* UIViewController+HXClass.m */,
			);
			path = Category;
			sourceTree = "<group>";
		};
		CD7408D41C99652E00950A50 /* Macros */ = {
			isa = PBXGroup;
			children = (
				CD7408D51C99652E00950A50 /* HXAppConstants.h */,
				CD7408D61C99652E00950A50 /* HXAppConstants.m */,
				CD7408D71C99652E00950A50 /* UIConstants.h */,
			);
			path = Macros;
			sourceTree = "<group>";
		};
		CD7408D81C99652E00950A50 /* UIComponent */ = {
			isa = PBXGroup;
			children = (
				CD7408D91C99652E00950A50 /* HXAlertBanner */,
				CD7408DD1C99652E00950A50 /* HXCaptchButton */,
				CD7408E01C99652E00950A50 /* HXLabel */,
				CD7408E31C99652E00950A50 /* HXLoadingView */,
				CD7408E91C99652E00950A50 /* HXTextView */,
				CD7409061C9965C000950A50 /* HXXib.h */,
			);
			path = UIComponent;
			sourceTree = "<group>";
		};
		CD7408D91C99652E00950A50 /* HXAlertBanner */ = {
			isa = PBXGroup;
			children = (
				CD7408DA1C99652E00950A50 /* HXAlertBanner.h */,
				CD7408DB1C99652E00950A50 /* HXAlertBanner.m */,
				CD7408DC1C99652E00950A50 /* HXAlertBanner.xib */,
			);
			path = HXAlertBanner;
			sourceTree = "<group>";
		};
		CD7408DD1C99652E00950A50 /* HXCaptchButton */ = {
			isa = PBXGroup;
			children = (
				CD7408DE1C99652E00950A50 /* HXCaptchButton.h */,
				CD7408DF1C99652E00950A50 /* HXCaptchButton.m */,
			);
			path = HXCaptchButton;
			sourceTree = "<group>";
		};
		CD7408E01C99652E00950A50 /* HXLabel */ = {
			isa = PBXGroup;
			children = (
				CD7408E11C99652E00950A50 /* HXLabel.h */,
				CD7408E21C99652E00950A50 /* HXLabel.m */,
			);
			path = HXLabel;
			sourceTree = "<group>";
		};
		CD7408E31C99652E00950A50 /* HXLoadingView */ = {
			isa = PBXGroup;
			children = (
				CD7408E41C99652E00950A50 /* HXActivityIndicator.h */,
				CD7408E51C99652E00950A50 /* HXActivityIndicator.m */,
				CD7408E61C99652E00950A50 /* HXLoadingView.h */,
				CD7408E71C99652E00950A50 /* HXLoadingView.m */,
				CD7408E81C99652E00950A50 /* HXLoadingView.xib */,
			);
			path = HXLoadingView;
			sourceTree = "<group>";
		};
		CD7408E91C99652E00950A50 /* HXTextView */ = {
			isa = PBXGroup;
			children = (
				CD7408EA1C99652E00950A50 /* HXTextView.h */,
				CD7408EB1C99652E00950A50 /* HXTextView.m */,
			);
			path = HXTextView;
			sourceTree = "<group>";
		};
		CD7408EC1C99652E00950A50 /* Uitility */ = {
			isa = PBXGroup;
			children = (
				CD7408ED1C99652E00950A50 /* HXStoryBoardManager */,
				CD7408F01C99652E00950A50 /* HXThemeManager */,
				CD7408F31C99652E00950A50 /* HXVersion */,
			);
			path = Uitility;
			sourceTree = "<group>";
		};
		CD7408ED1C99652E00950A50 /* HXStoryBoardManager */ = {
			isa = PBXGroup;
			children = (
				CD7408EE1C99652E00950A50 /* HXStoryBoardManager.h */,
				CD7408EF1C99652E00950A50 /* HXStoryBoardManager.m */,
			);
			path = HXStoryBoardManager;
			sourceTree = "<group>";
		};
		CD7408F01C99652E00950A50 /* HXThemeManager */ = {
			isa = PBXGroup;
			children = (
				CD7408F11C99652E00950A50 /* HXThemeManager.h */,
				CD7408F21C99652E00950A50 /* HXThemeManager.m */,
			);
			path = HXThemeManager;
			sourceTree = "<group>";
		};
		CD7408F31C99652E00950A50 /* HXVersion */ = {
			isa = PBXGroup;
			children = (
				CD7408F41C99652E00950A50 /* HXVersion.h */,
				CD7408F51C99652E00950A50 /* HXVersion.m */,
			);
			path = HXVersion;
			sourceTree = "<group>";
		};
		CD7409081C996CF900950A50 /* Publish */ = {
			isa = PBXGroup;
			children = (
			);
			path = Publish;
			sourceTree = "<group>";
		};
		CD7409091C996CF900950A50 /* Replay */ = {
			isa = PBXGroup;
			children = (
				CD74090E1C996D5A00950A50 /* HXReplayCell.h */,
				CD74090F1C996D5A00950A50 /* HXReplayCell.m */,
			);
			path = Replay;
			sourceTree = "<group>";
		};
		CD74090A1C996CF900950A50 /* Setting */ = {
			isa = PBXGroup;
			children = (
			);
			path = Setting;
			sourceTree = "<group>";
		};
		CD7500731C9A5A140067BC55 /* Setting */ = {
			isa = PBXGroup;
			children = (
				CD7500741C9A5A220067BC55 /* HXSettingSession.h */,
				CD7500751C9A5A220067BC55 /* HXSettingSession.m */,
			);
			path = Setting;
			sourceTree = "<group>";
		};
		CD7500771C9A90A20067BC55 /* Path */ = {
			isa = PBXGroup;
			children = (
				CD7500781C9A90AE0067BC55 /* HXPathManager.h */,
				CD7500791C9A90AE0067BC55 /* HXPathManager.m */,
			);
			path = Path;
			sourceTree = "<group>";
		};
		CD75007D1C9BA5C60067BC55 /* Live */ = {
			isa = PBXGroup;
			children = (
				CD7500861C9BA6680067BC55 /* HXLiveViewController.h */,
				CD7500871C9BA6680067BC55 /* HXLiveViewController.m */,
			);
			path = Live;
			sourceTree = "<group>";
		};
		CD75007E1C9BA5C60067BC55 /* Online */ = {
			isa = PBXGroup;
			children = (
				CD75007F1C9BA5C60067BC55 /* HXOnlineViewController.h */,
				CD7500801C9BA5C60067BC55 /* HXOnlineViewController.m */,
			);
			path = Online;
			sourceTree = "<group>";
		};
		CD7500821C9BA6000067BC55 /* Online */ = {
			isa = PBXGroup;
			children = (
				CD7500831C9BA6000067BC55 /* HXOnlineCell.h */,
				CD7500841C9BA6000067BC55 /* HXOnlineCell.m */,
			);
			path = Online;
			sourceTree = "<group>";
		};
		CD8A9A631C9906CA00698DE9 = {
			isa = PBXGroup;
			children = (
				CD8A9A6E1C9906CA00698DE9 /* Piano */,
				CD8A9A6D1C9906CA00698DE9 /* Products */,
				D9458606FE035ECA691A213A /* Pods */,
				55A2965703CA0FF3081251C6 /* Frameworks */,
			);
			sourceTree = "<group>";
		};
		CD8A9A6D1C9906CA00698DE9 /* Products */ = {
			isa = PBXGroup;
			children = (
				CD8A9A6C1C9906CA00698DE9 /* Piano.app */,
			);
			name = Products;
			sourceTree = "<group>";
		};
		CD8A9A6E1C9906CA00698DE9 /* Piano */ = {
			isa = PBXGroup;
			children = (
				CD7408CA1C99652E00950A50 /* Common */,
				395D67021C9AB15000ED0454 /* Utils */,
				395D66F51C9AB0E800ED0454 /* Network */,
				CD74089D1C99506000950A50 /* Session */,
				CD7408A01C9950C500950A50 /* Models */,
				CD7408A31C9950C500950A50 /* Views */,
				CD7408A21C9950C500950A50 /* ViewModels */,
				CD7408A11C9950C500950A50 /* ViewControllers */,
				CD8A9A721C9906CA00698DE9 /* AppDelegate.h */,
				CD8A9A731C9906CA00698DE9 /* AppDelegate.m */,
				CD74089E1C99506C00950A50 /* Resource */,
				CD8A9A6F1C9906CA00698DE9 /* Supporting Files */,
			);
			path = Piano;
			sourceTree = "<group>";
		};
		CD8A9A6F1C9906CA00698DE9 /* Supporting Files */ = {
			isa = PBXGroup;
			children = (
				CD8A9A801C9906CA00698DE9 /* Info.plist */,
				CD8A9A701C9906CA00698DE9 /* main.m */,
			);
			name = "Supporting Files";
			sourceTree = "<group>";
		};
		D9458606FE035ECA691A213A /* Pods */ = {
			isa = PBXGroup;
			children = (
				F16C66128D5E0919759ABA18 /* Pods.debug.xcconfig */,
				4704094A70120BB39E18C473 /* Pods.release.xcconfig */,
			);
			name = Pods;
			sourceTree = "<group>";
		};
/* End PBXGroup section */

/* Begin PBXNativeTarget section */
		CD8A9A6B1C9906CA00698DE9 /* Piano */ = {
			isa = PBXNativeTarget;
			buildConfigurationList = CD8A9A831C9906CA00698DE9 /* Build configuration list for PBXNativeTarget "Piano" */;
			buildPhases = (
				5AB390C34757B5082A836BFD /* Check Pods Manifest.lock */,
				CD8A9A681C9906CA00698DE9 /* Sources */,
				CD8A9A691C9906CA00698DE9 /* Frameworks */,
				CD8A9A6A1C9906CA00698DE9 /* Resources */,
				E33E95F894DF2C3B4E55FE2C /* Embed Pods Frameworks */,
				2FF6AC55DC845FE521292C47 /* Copy Pods Resources */,
				CD74089C1C9946D800950A50 /* Embed Frameworks */,
			);
			buildRules = (
			);
			dependencies = (
			);
			name = Piano;
			productName = Piano;
			productReference = CD8A9A6C1C9906CA00698DE9 /* Piano.app */;
			productType = "com.apple.product-type.application";
		};
/* End PBXNativeTarget section */

/* Begin PBXProject section */
		CD8A9A641C9906CA00698DE9 /* Project object */ = {
			isa = PBXProject;
			attributes = {
				LastUpgradeCheck = 0720;
				ORGANIZATIONNAME = "Mia Music";
				TargetAttributes = {
					CD8A9A6B1C9906CA00698DE9 = {
						CreatedOnToolsVersion = 7.2.1;
					};
				};
			};
			buildConfigurationList = CD8A9A671C9906CA00698DE9 /* Build configuration list for PBXProject "Piano" */;
			compatibilityVersion = "Xcode 3.2";
			developmentRegion = English;
			hasScannedForEncodings = 0;
			knownRegions = (
				en,
				Base,
			);
			mainGroup = CD8A9A631C9906CA00698DE9;
			productRefGroup = CD8A9A6D1C9906CA00698DE9 /* Products */;
			projectDirPath = "";
			projectRoot = "";
			targets = (
				CD8A9A6B1C9906CA00698DE9 /* Piano */,
			);
		};
/* End PBXProject section */

/* Begin PBXResourcesBuildPhase section */
		CD8A9A6A1C9906CA00698DE9 /* Resources */ = {
			isa = PBXResourcesBuildPhase;
			buildActionMask = 2147483647;
			files = (
				CD7408FC1C99652E00950A50 /* HXAlertBanner.xib in Resources */,
				CD8A9A7F1C9906CA00698DE9 /* LaunchScreen.storyboard in Resources */,
				CD7408BD1C995FEF00950A50 /* Replay.storyboard in Resources */,
				CD7408C31C99600600950A50 /* Setting.storyboard in Resources */,
				CD7408C01C995FFC00950A50 /* Publish.storyboard in Resources */,
				CD8A9A7C1C9906CA00698DE9 /* Assets.xcassets in Resources */,
				CD7408BA1C995FE400950A50 /* Live.storyboard in Resources */,
				CD75008F1C9BAF5B0067BC55 /* Online.storyboard in Resources */,
				CD7409011C99652E00950A50 /* HXLoadingView.xib in Resources */,
				CD8A9A7A1C9906CA00698DE9 /* Main.storyboard in Resources */,
			);
			runOnlyForDeploymentPostprocessing = 0;
		};
/* End PBXResourcesBuildPhase section */

/* Begin PBXShellScriptBuildPhase section */
		2FF6AC55DC845FE521292C47 /* Copy Pods Resources */ = {
			isa = PBXShellScriptBuildPhase;
			buildActionMask = 2147483647;
			files = (
			);
			inputPaths = (
			);
			name = "Copy Pods Resources";
			outputPaths = (
			);
			runOnlyForDeploymentPostprocessing = 0;
			shellPath = /bin/sh;
			shellScript = "\"${SRCROOT}/Pods/Target Support Files/Pods/Pods-resources.sh\"\n";
			showEnvVarsInLog = 0;
		};
		5AB390C34757B5082A836BFD /* Check Pods Manifest.lock */ = {
			isa = PBXShellScriptBuildPhase;
			buildActionMask = 2147483647;
			files = (
			);
			inputPaths = (
			);
			name = "Check Pods Manifest.lock";
			outputPaths = (
			);
			runOnlyForDeploymentPostprocessing = 0;
			shellPath = /bin/sh;
			shellScript = "diff \"${PODS_ROOT}/../Podfile.lock\" \"${PODS_ROOT}/Manifest.lock\" > /dev/null\nif [[ $? != 0 ]] ; then\n    cat << EOM\nerror: The sandbox is not in sync with the Podfile.lock. Run 'pod install' or update your CocoaPods installation.\nEOM\n    exit 1\nfi\n";
			showEnvVarsInLog = 0;
		};
		E33E95F894DF2C3B4E55FE2C /* Embed Pods Frameworks */ = {
			isa = PBXShellScriptBuildPhase;
			buildActionMask = 2147483647;
			files = (
			);
			inputPaths = (
			);
			name = "Embed Pods Frameworks";
			outputPaths = (
			);
			runOnlyForDeploymentPostprocessing = 0;
			shellPath = /bin/sh;
			shellScript = "\"${SRCROOT}/Pods/Target Support Files/Pods/Pods-frameworks.sh\"\n";
			showEnvVarsInLog = 0;
		};
/* End PBXShellScriptBuildPhase section */

/* Begin PBXSourcesBuildPhase section */
		CD8A9A681C9906CA00698DE9 /* Sources */ = {
			isa = PBXSourcesBuildPhase;
			buildActionMask = 2147483647;
			files = (
				CD7408F71C99652E00950A50 /* UIView+FindUIViewController.m in Sources */,
				CD75007A1C9A90AE0067BC55 /* HXPathManager.m in Sources */,
				CD7409021C99652E00950A50 /* HXTextView.m in Sources */,
				CD7408FD1C99652E00950A50 /* HXCaptchButton.m in Sources */,
				CD7409001C99652E00950A50 /* HXLoadingView.m in Sources */,
				CD7408FB1C99652E00950A50 /* HXAlertBanner.m in Sources */,
				CD7408FE1C99652E00950A50 /* HXLabel.m in Sources */,
				CD7408FA1C99652E00950A50 /* HXAppConstants.m in Sources */,
				CD7408FF1C99652E00950A50 /* HXActivityIndicator.m in Sources */,
				CD7500761C9A5A220067BC55 /* HXSettingSession.m in Sources */,
				CD7408C91C99612E00950A50 /* HXSettingViewController.m in Sources */,
				CD7408F61C99652E00950A50 /* NSObject+LoginAction.m in Sources */,
				CD7409041C99652E00950A50 /* HXThemeManager.m in Sources */,
				CD7408B71C995F3900950A50 /* HXReplayViewController.m in Sources */,
				CD7408AA1C99570900950A50 /* HXZegoAVKitManager.m in Sources */,
				CD7408AD1C995E8700950A50 /* HXMainViewController.m in Sources */,
				CD7408F91C99652E00950A50 /* UIViewController+HXClass.m in Sources */,
				CD7409051C99652E00950A50 /* HXVersion.m in Sources */,
				CD7408C61C99612500950A50 /* HXPublishViewController.m in Sources */,
				CD7500811C9BA5C60067BC55 /* HXOnlineViewController.m in Sources */,
				CD7409031C99652E00950A50 /* HXStoryBoardManager.m in Sources */,
				395D67011C9AB0E800ED0454 /* WebSocketMgr.m in Sources */,
				395D67001C9AB0E800ED0454 /* MiaRequestItem.m in Sources */,
				395D671B1C9AB1D700ED0454 /* UserDefaultsUtils.m in Sources */,
				395D670F1C9AB19D00ED0454 /* PathHelper.m in Sources */,
				395D67171C9AB1C500ED0454 /* NSString+MD5.m in Sources */,
				395D67071C9AB15000ED0454 /* NSTimer+BlockSupport.m in Sources */,
				CD8A9A741C9906CA00698DE9 /* AppDelegate.m in Sources */,
				CD7500881C9BA6680067BC55 /* HXLiveViewController.m in Sources */,
				395D66FF1C9AB0E800ED0454 /* MiaAPIHelper.m in Sources */,
				395D670B1C9AB16B00ED0454 /* FileLog.m in Sources */,
				395D67131C9AB1B700ED0454 /* NSString+IsNull.m in Sources */,
				CD8A9A711C9906CA00698DE9 /* main.m in Sources */,
				CD7409101C996D5A00950A50 /* HXReplayCell.m in Sources */,
				CD7408F81C99652E00950A50 /* UIView+Frame.m in Sources */,
				CD7500851C9BA6000067BC55 /* HXOnlineCell.m in Sources */,
			);
			runOnlyForDeploymentPostprocessing = 0;
		};
/* End PBXSourcesBuildPhase section */

/* Begin PBXVariantGroup section */
		CD7408B81C995FE400950A50 /* Live.storyboard */ = {
			isa = PBXVariantGroup;
			children = (
				CD7408B91C995FE400950A50 /* Base */,
			);
			name = Live.storyboard;
			sourceTree = "<group>";
		};
		CD7408BB1C995FEF00950A50 /* Replay.storyboard */ = {
			isa = PBXVariantGroup;
			children = (
				CD7408BC1C995FEF00950A50 /* Base */,
			);
			name = Replay.storyboard;
			sourceTree = "<group>";
		};
		CD7408BE1C995FFB00950A50 /* Publish.storyboard */ = {
			isa = PBXVariantGroup;
			children = (
				CD7408BF1C995FFB00950A50 /* Base */,
			);
			name = Publish.storyboard;
			sourceTree = "<group>";
		};
		CD7408C11C99600600950A50 /* Setting.storyboard */ = {
			isa = PBXVariantGroup;
			children = (
				CD7408C21C99600600950A50 /* Base */,
			);
			name = Setting.storyboard;
			sourceTree = "<group>";
		};
		CD75008D1C9BAF5B0067BC55 /* Online.storyboard */ = {
			isa = PBXVariantGroup;
			children = (
				CD75008E1C9BAF5B0067BC55 /* Base */,
			);
			name = Online.storyboard;
			sourceTree = "<group>";
		};
		CD8A9A781C9906CA00698DE9 /* Main.storyboard */ = {
			isa = PBXVariantGroup;
			children = (
				CD8A9A791C9906CA00698DE9 /* Base */,
			);
			name = Main.storyboard;
			sourceTree = "<group>";
		};
		CD8A9A7D1C9906CA00698DE9 /* LaunchScreen.storyboard */ = {
			isa = PBXVariantGroup;
			children = (
				CD8A9A7E1C9906CA00698DE9 /* Base */,
			);
			name = LaunchScreen.storyboard;
			sourceTree = "<group>";
		};
/* End PBXVariantGroup section */

/* Begin XCBuildConfiguration section */
		CD8A9A811C9906CA00698DE9 /* Debug */ = {
			isa = XCBuildConfiguration;
			buildSettings = {
				ALWAYS_SEARCH_USER_PATHS = NO;
				CLANG_CXX_LANGUAGE_STANDARD = "gnu++0x";
				CLANG_CXX_LIBRARY = "libc++";
				CLANG_ENABLE_MODULES = YES;
				CLANG_ENABLE_OBJC_ARC = YES;
				CLANG_WARN_BOOL_CONVERSION = YES;
				CLANG_WARN_CONSTANT_CONVERSION = YES;
				CLANG_WARN_DIRECT_OBJC_ISA_USAGE = YES_ERROR;
				CLANG_WARN_EMPTY_BODY = YES;
				CLANG_WARN_ENUM_CONVERSION = YES;
				CLANG_WARN_INT_CONVERSION = YES;
				CLANG_WARN_OBJC_ROOT_CLASS = YES_ERROR;
				CLANG_WARN_UNREACHABLE_CODE = YES;
				CLANG_WARN__DUPLICATE_METHOD_MATCH = YES;
				"CODE_SIGN_IDENTITY[sdk=iphoneos*]" = "iPhone Developer";
				COPY_PHASE_STRIP = NO;
				DEBUG_INFORMATION_FORMAT = dwarf;
				ENABLE_STRICT_OBJC_MSGSEND = YES;
				ENABLE_TESTABILITY = YES;
				GCC_C_LANGUAGE_STANDARD = gnu99;
				GCC_DYNAMIC_NO_PIC = NO;
				GCC_NO_COMMON_BLOCKS = YES;
				GCC_OPTIMIZATION_LEVEL = 0;
				GCC_PREPROCESSOR_DEFINITIONS = (
					"DEBUG=1",
					"$(inherited)",
				);
				GCC_WARN_64_TO_32_BIT_CONVERSION = YES;
				GCC_WARN_ABOUT_RETURN_TYPE = YES_ERROR;
				GCC_WARN_UNDECLARED_SELECTOR = YES;
				GCC_WARN_UNINITIALIZED_AUTOS = YES_AGGRESSIVE;
				GCC_WARN_UNUSED_FUNCTION = YES;
				GCC_WARN_UNUSED_VARIABLE = YES;
				IPHONEOS_DEPLOYMENT_TARGET = 9.2;
				MTL_ENABLE_DEBUG_INFO = YES;
				ONLY_ACTIVE_ARCH = YES;
				SDKROOT = iphoneos;
			};
			name = Debug;
		};
		CD8A9A821C9906CA00698DE9 /* Release */ = {
			isa = XCBuildConfiguration;
			buildSettings = {
				ALWAYS_SEARCH_USER_PATHS = NO;
				CLANG_CXX_LANGUAGE_STANDARD = "gnu++0x";
				CLANG_CXX_LIBRARY = "libc++";
				CLANG_ENABLE_MODULES = YES;
				CLANG_ENABLE_OBJC_ARC = YES;
				CLANG_WARN_BOOL_CONVERSION = YES;
				CLANG_WARN_CONSTANT_CONVERSION = YES;
				CLANG_WARN_DIRECT_OBJC_ISA_USAGE = YES_ERROR;
				CLANG_WARN_EMPTY_BODY = YES;
				CLANG_WARN_ENUM_CONVERSION = YES;
				CLANG_WARN_INT_CONVERSION = YES;
				CLANG_WARN_OBJC_ROOT_CLASS = YES_ERROR;
				CLANG_WARN_UNREACHABLE_CODE = YES;
				CLANG_WARN__DUPLICATE_METHOD_MATCH = YES;
				"CODE_SIGN_IDENTITY[sdk=iphoneos*]" = "iPhone Developer";
				COPY_PHASE_STRIP = NO;
				DEBUG_INFORMATION_FORMAT = "dwarf-with-dsym";
				ENABLE_NS_ASSERTIONS = NO;
				ENABLE_STRICT_OBJC_MSGSEND = YES;
				GCC_C_LANGUAGE_STANDARD = gnu99;
				GCC_NO_COMMON_BLOCKS = YES;
				GCC_WARN_64_TO_32_BIT_CONVERSION = YES;
				GCC_WARN_ABOUT_RETURN_TYPE = YES_ERROR;
				GCC_WARN_UNDECLARED_SELECTOR = YES;
				GCC_WARN_UNINITIALIZED_AUTOS = YES_AGGRESSIVE;
				GCC_WARN_UNUSED_FUNCTION = YES;
				GCC_WARN_UNUSED_VARIABLE = YES;
				IPHONEOS_DEPLOYMENT_TARGET = 9.2;
				MTL_ENABLE_DEBUG_INFO = NO;
				SDKROOT = iphoneos;
				VALIDATE_PRODUCT = YES;
			};
			name = Release;
		};
		CD8A9A841C9906CA00698DE9 /* Debug */ = {
			isa = XCBuildConfiguration;
			baseConfigurationReference = F16C66128D5E0919759ABA18 /* Pods.debug.xcconfig */;
			buildSettings = {
				ASSETCATALOG_COMPILER_APPICON_NAME = AppIcon;
				ENABLE_BITCODE = NO;
				FRAMEWORK_SEARCH_PATHS = (
					"$(inherited)",
					"$(PROJECT_DIR)/Piano/Frameworks",
				);
				INFOPLIST_FILE = Piano/Info.plist;
				IPHONEOS_DEPLOYMENT_TARGET = 8.0;
				LD_RUNPATH_SEARCH_PATHS = "$(inherited) @executable_path/Frameworks";
				PRODUCT_BUNDLE_IDENTIFIER = com.miamusic.Piano;
				PRODUCT_NAME = "$(TARGET_NAME)";
			};
			name = Debug;
		};
		CD8A9A851C9906CA00698DE9 /* Release */ = {
			isa = XCBuildConfiguration;
			baseConfigurationReference = 4704094A70120BB39E18C473 /* Pods.release.xcconfig */;
			buildSettings = {
				ASSETCATALOG_COMPILER_APPICON_NAME = AppIcon;
				ENABLE_BITCODE = NO;
				FRAMEWORK_SEARCH_PATHS = (
					"$(inherited)",
					"$(PROJECT_DIR)/Piano/Frameworks",
				);
				INFOPLIST_FILE = Piano/Info.plist;
				IPHONEOS_DEPLOYMENT_TARGET = 8.0;
				LD_RUNPATH_SEARCH_PATHS = "$(inherited) @executable_path/Frameworks";
				PRODUCT_BUNDLE_IDENTIFIER = com.miamusic.Piano;
				PRODUCT_NAME = "$(TARGET_NAME)";
			};
			name = Release;
		};
/* End XCBuildConfiguration section */

/* Begin XCConfigurationList section */
		CD8A9A671C9906CA00698DE9 /* Build configuration list for PBXProject "Piano" */ = {
			isa = XCConfigurationList;
			buildConfigurations = (
				CD8A9A811C9906CA00698DE9 /* Debug */,
				CD8A9A821C9906CA00698DE9 /* Release */,
			);
			defaultConfigurationIsVisible = 0;
			defaultConfigurationName = Release;
		};
		CD8A9A831C9906CA00698DE9 /* Build configuration list for PBXNativeTarget "Piano" */ = {
			isa = XCConfigurationList;
			buildConfigurations = (
				CD8A9A841C9906CA00698DE9 /* Debug */,
				CD8A9A851C9906CA00698DE9 /* Release */,
			);
			defaultConfigurationIsVisible = 0;
			defaultConfigurationName = Release;
		};
/* End XCConfigurationList section */
	};
	rootObject = CD8A9A641C9906CA00698DE9 /* Project object */;
}
